// !$*UTF8*$!
{
	archiveVersion = 1;
	classes = {
	};
	objectVersion = 46;
	objects = {

/* Begin PBXBuildFile section */
		63020C251EFCB070003F8199 /* AddressCityPickerView.swift in Sources */ = {isa = PBXBuildFile; fileRef = 63020C221EFCB070003F8199 /* AddressCityPickerView.swift */; };
		63020C261EFCB070003F8199 /* citydatacoding.plist in Resources */ = {isa = PBXBuildFile; fileRef = 63020C231EFCB070003F8199 /* citydatacoding.plist */; };
		63020C271EFCB070003F8199 /* ProvinceModel.swift in Sources */ = {isa = PBXBuildFile; fileRef = 63020C241EFCB070003F8199 /* ProvinceModel.swift */; };
		63020C411EFD0934003F8199 /* ModelUserInfo.swift in Sources */ = {isa = PBXBuildFile; fileRef = 63020C401EFD0934003F8199 /* ModelUserInfo.swift */; };
		630BCFF21F13256500E68C34 /* orderAPI.swift in Sources */ = {isa = PBXBuildFile; fileRef = 630BCFF11F13256500E68C34 /* orderAPI.swift */; };
		630BCFF41F13257E00E68C34 /* orderModel.swift in Sources */ = {isa = PBXBuildFile; fileRef = 630BCFF31F13257E00E68C34 /* orderModel.swift */; };
		630E7D1E1F0BB3CB00A5F86A /* CCellChooseCover.swift in Sources */ = {isa = PBXBuildFile; fileRef = 630E7D1C1F0BB3CB00A5F86A /* CCellChooseCover.swift */; };
		630E7D1F1F0BB3CB00A5F86A /* CCellChooseCover.xib in Resources */ = {isa = PBXBuildFile; fileRef = 630E7D1D1F0BB3CB00A5F86A /* CCellChooseCover.xib */; };
		630F3E8E1F0F68740073884D /* PIC.png in Resources */ = {isa = PBXBuildFile; fileRef = 630F3E8D1F0F68740073884D /* PIC.png */; };
		631BF39D1F132CA000589FB0 /* ModelOrder.swift in Sources */ = {isa = PBXBuildFile; fileRef = 631BF39C1F132CA000589FB0 /* ModelOrder.swift */; };
		6321237B1F0B3D6000DA9B5C /* activityDetailVC.swift in Sources */ = {isa = PBXBuildFile; fileRef = 6321237A1F0B3D6000DA9B5C /* activityDetailVC.swift */; };
		6321237E1F0B403A00DA9B5C /* NextPageActivity.storyboard in Resources */ = {isa = PBXBuildFile; fileRef = 6321237C1F0B403A00DA9B5C /* NextPageActivity.storyboard */; };
		633D59BB1F0E519D0068B351 /* ModelAddress.swift in Sources */ = {isa = PBXBuildFile; fileRef = 633D59B61F0E519D0068B351 /* ModelAddress.swift */; };
		633D59BC1F0E519D0068B351 /* TCell_userAddress.swift in Sources */ = {isa = PBXBuildFile; fileRef = 633D59B71F0E519D0068B351 /* TCell_userAddress.swift */; };
		633D59BD1F0E519D0068B351 /* TCell_userAddress.xib in Resources */ = {isa = PBXBuildFile; fileRef = 633D59B81F0E519D0068B351 /* TCell_userAddress.xib */; };
		633D59BE1F0E519D0068B351 /* user_addressAddVC.swift in Sources */ = {isa = PBXBuildFile; fileRef = 633D59B91F0E519D0068B351 /* user_addressAddVC.swift */; };
		633D59BF1F0E519D0068B351 /* user_AddressVC.swift in Sources */ = {isa = PBXBuildFile; fileRef = 633D59BA1F0E519D0068B351 /* user_AddressVC.swift */; };
		634463991F04A62E000085E7 /* login.png in Resources */ = {isa = PBXBuildFile; fileRef = 634463981F04A62D000085E7 /* login.png */; };
		6344639B1F04DE0F000085E7 /* Userbackground.png in Resources */ = {isa = PBXBuildFile; fileRef = 6344639A1F04DE0F000085E7 /* Userbackground.png */; };
		634DE72C1EF381D200E44AFA /* TCell_pActivity.swift in Sources */ = {isa = PBXBuildFile; fileRef = 634DE72A1EF381D200E44AFA /* TCell_pActivity.swift */; };
		634DE72D1EF381D200E44AFA /* TCell_pActivity.xib in Resources */ = {isa = PBXBuildFile; fileRef = 634DE72B1EF381D200E44AFA /* TCell_pActivity.xib */; };
		634F63DA1F0E0A0C00DE4B92 /* CCellChooseVCHeader.swift in Sources */ = {isa = PBXBuildFile; fileRef = 634F63D81F0E0A0C00DE4B92 /* CCellChooseVCHeader.swift */; };
		634F63DB1F0E0A0C00DE4B92 /* CCellChooseVCHeader.xib in Resources */ = {isa = PBXBuildFile; fileRef = 634F63D91F0E0A0C00DE4B92 /* CCellChooseVCHeader.xib */; };
		634F63FF1F0E172A00DE4B92 /* API.swift in Sources */ = {isa = PBXBuildFile; fileRef = 634F63EF1F0E172A00DE4B92 /* API.swift */; };
		634F64001F0E172A00DE4B92 /* Observable+ObjectMapper.swift in Sources */ = {isa = PBXBuildFile; fileRef = 634F63F01F0E172A00DE4B92 /* Observable+ObjectMapper.swift */; };
		634F64011F0E172A00DE4B92 /* shopAPI.swift in Sources */ = {isa = PBXBuildFile; fileRef = 634F63F11F0E172A00DE4B92 /* shopAPI.swift */; };
		634F64021F0E172A00DE4B92 /* shopModel.swift in Sources */ = {isa = PBXBuildFile; fileRef = 634F63F21F0E172A00DE4B92 /* shopModel.swift */; };
		634F64031F0E172A00DE4B92 /* ViewModel.swift in Sources */ = {isa = PBXBuildFile; fileRef = 634F63F31F0E172A00DE4B92 /* ViewModel.swift */; };
		634F64041F0E172A00DE4B92 /* vipAPI.swift in Sources */ = {isa = PBXBuildFile; fileRef = 634F63F41F0E172A00DE4B92 /* vipAPI.swift */; };
		634F64051F0E172A00DE4B92 /* vipModel.swift in Sources */ = {isa = PBXBuildFile; fileRef = 634F63F51F0E172A00DE4B92 /* vipModel.swift */; };
		634F64061F0E172A00DE4B92 /* ModelAddressPost.swift in Sources */ = {isa = PBXBuildFile; fileRef = 634F63F71F0E172A00DE4B92 /* ModelAddressPost.swift */; };
		634F64071F0E172A00DE4B92 /* ModelBack.swift in Sources */ = {isa = PBXBuildFile; fileRef = 634F63F81F0E172A00DE4B92 /* ModelBack.swift */; };
		634F64081F0E172A00DE4B92 /* ModelLoginPost.swift in Sources */ = {isa = PBXBuildFile; fileRef = 634F63F91F0E172A00DE4B92 /* ModelLoginPost.swift */; };
		634F64091F0E172A00DE4B92 /* ModelShop.swift in Sources */ = {isa = PBXBuildFile; fileRef = 634F63FA1F0E172A00DE4B92 /* ModelShop.swift */; };
		634F640A1F0E172A00DE4B92 /* ModelUserPost.swift in Sources */ = {isa = PBXBuildFile; fileRef = 634F63FB1F0E172A00DE4B92 /* ModelUserPost.swift */; };
		634F640B1F0E172A00DE4B92 /* ModelVIPPost.swift in Sources */ = {isa = PBXBuildFile; fileRef = 634F63FC1F0E172A00DE4B92 /* ModelVIPPost.swift */; };
		634F640C1F0E172A00DE4B92 /* qiniu.swift in Sources */ = {isa = PBXBuildFile; fileRef = 634F63FE1F0E172A00DE4B92 /* qiniu.swift */; };
		635380D21EE8E52A006C0375 /* Source.bundle in Resources */ = {isa = PBXBuildFile; fileRef = 635380D11EE8E52A006C0375 /* Source.bundle */; };
		635381081EE8FDFD006C0375 /* QuartzCore.framework in Frameworks */ = {isa = PBXBuildFile; fileRef = 635381071EE8FDFD006C0375 /* QuartzCore.framework */; };
		6353810A1EE8FE05006C0375 /* CoreGraphics.framework in Frameworks */ = {isa = PBXBuildFile; fileRef = 635381091EE8FE05006C0375 /* CoreGraphics.framework */; };
		6353810D1EE93266006C0375 /* RegistVC.swift in Sources */ = {isa = PBXBuildFile; fileRef = 6353810C1EE93266006C0375 /* RegistVC.swift */; };
		6353810F1EE93EA5006C0375 /* getResetCodeVC.swift in Sources */ = {isa = PBXBuildFile; fileRef = 6353810E1EE93EA5006C0375 /* getResetCodeVC.swift */; };
		635381111EE93EC8006C0375 /* resetPwdVC.swift in Sources */ = {isa = PBXBuildFile; fileRef = 635381101EE93EC8006C0375 /* resetPwdVC.swift */; };
		635524E01F01EFB90038AA1C /* info_NameVC.swift in Sources */ = {isa = PBXBuildFile; fileRef = 635524DF1F01EFB90038AA1C /* info_NameVC.swift */; };
		635524E21F01EFCD0038AA1C /* info_SexVC.swift in Sources */ = {isa = PBXBuildFile; fileRef = 635524E11F01EFCD0038AA1C /* info_SexVC.swift */; };
		63559AA91EFA0EC2003FC6E5 /* Views.swift in Sources */ = {isa = PBXBuildFile; fileRef = 63559AA81EFA0EC2003FC6E5 /* Views.swift */; };
		63559AAB1EFA0ECB003FC6E5 /* Datas.swift in Sources */ = {isa = PBXBuildFile; fileRef = 63559AAA1EFA0ECB003FC6E5 /* Datas.swift */; };
		63559AAD1EFA0ED8003FC6E5 /* Dates.swift in Sources */ = {isa = PBXBuildFile; fileRef = 63559AAC1EFA0ED8003FC6E5 /* Dates.swift */; };
		63559AAF1EFA1BE9003FC6E5 /* Strings.swift in Sources */ = {isa = PBXBuildFile; fileRef = 63559AAE1EFA1BE9003FC6E5 /* Strings.swift */; };
		63559AB11EFA48C2003FC6E5 /* LoginNaviC.swift in Sources */ = {isa = PBXBuildFile; fileRef = 63559AB01EFA48C2003FC6E5 /* LoginNaviC.swift */; };
		63559AB31EFA5639003FC6E5 /* Colors.swift in Sources */ = {isa = PBXBuildFile; fileRef = 63559AB21EFA5639003FC6E5 /* Colors.swift */; };
		63559AB51EFA6D4F003FC6E5 /* HomeNaviC.swift in Sources */ = {isa = PBXBuildFile; fileRef = 63559AB41EFA6D4F003FC6E5 /* HomeNaviC.swift */; };
		63559AB71EFA6D6E003FC6E5 /* ActivityNaviC.swift in Sources */ = {isa = PBXBuildFile; fileRef = 63559AB61EFA6D6E003FC6E5 /* ActivityNaviC.swift */; };
		63559AB91EFA6D7F003FC6E5 /* UserCenterNaviC.swift in Sources */ = {isa = PBXBuildFile; fileRef = 63559AB81EFA6D7F003FC6E5 /* UserCenterNaviC.swift */; };
		635D83E21EF226BA007A2C05 /* XHAdLoopView.swift in Sources */ = {isa = PBXBuildFile; fileRef = 635D83E11EF226BA007A2C05 /* XHAdLoopView.swift */; };
		635D83E61EF22B72007A2C05 /* INOScrollView.swift in Sources */ = {isa = PBXBuildFile; fileRef = 635D83E41EF22B72007A2C05 /* INOScrollView.swift */; };
		635D83E71EF22B72007A2C05 /* INOScrollViewCell.swift in Sources */ = {isa = PBXBuildFile; fileRef = 635D83E51EF22B72007A2C05 /* INOScrollViewCell.swift */; };
		635D840F1EF286AE007A2C05 /* Reflect+ArcFile.swift in Sources */ = {isa = PBXBuildFile; fileRef = 635D84041EF286AE007A2C05 /* Reflect+ArcFile.swift */; };
		635D84101EF286AE007A2C05 /* Reflect+Parse.swift in Sources */ = {isa = PBXBuildFile; fileRef = 635D84061EF286AE007A2C05 /* Reflect+Parse.swift */; };
		635D84111EF286AE007A2C05 /* Reflect+Convert.swift in Sources */ = {isa = PBXBuildFile; fileRef = 635D84081EF286AE007A2C05 /* Reflect+Convert.swift */; };
		635D84121EF286AE007A2C05 /* Reflect+Class.swift in Sources */ = {isa = PBXBuildFile; fileRef = 635D840A1EF286AE007A2C05 /* Reflect+Class.swift */; };
		635D84131EF286AE007A2C05 /* Reflect+Other.swift in Sources */ = {isa = PBXBuildFile; fileRef = 635D840B1EF286AE007A2C05 /* Reflect+Other.swift */; };
		635D84141EF286AE007A2C05 /* Reflect+Property.swift in Sources */ = {isa = PBXBuildFile; fileRef = 635D840C1EF286AE007A2C05 /* Reflect+Property.swift */; };
		635D84151EF286AE007A2C05 /* Reflect+Type.swift in Sources */ = {isa = PBXBuildFile; fileRef = 635D840D1EF286AE007A2C05 /* Reflect+Type.swift */; };
		635D84161EF286AE007A2C05 /* Reflect.swift in Sources */ = {isa = PBXBuildFile; fileRef = 635D840E1EF286AE007A2C05 /* Reflect.swift */; };
		6361C6401F0CDE0600E0D405 /* TCell_UserOrder.swift in Sources */ = {isa = PBXBuildFile; fileRef = 6361C6391F0CDE0600E0D405 /* TCell_UserOrder.swift */; };
		6361C6411F0CDE0600E0D405 /* TCell_UserOrder.xib in Resources */ = {isa = PBXBuildFile; fileRef = 6361C63A1F0CDE0600E0D405 /* TCell_UserOrder.xib */; };
		6361C6421F0CDE0600E0D405 /* user_OrderVC.swift in Sources */ = {isa = PBXBuildFile; fileRef = 6361C63B1F0CDE0600E0D405 /* user_OrderVC.swift */; };
		6361C6431F0CDE0600E0D405 /* view_orderFooter.swift in Sources */ = {isa = PBXBuildFile; fileRef = 6361C63C1F0CDE0600E0D405 /* view_orderFooter.swift */; };
		6361C6441F0CDE0600E0D405 /* view_orderFooter.xib in Resources */ = {isa = PBXBuildFile; fileRef = 6361C63D1F0CDE0600E0D405 /* view_orderFooter.xib */; };
		6361C6451F0CDE0600E0D405 /* view_orderHeader.swift in Sources */ = {isa = PBXBuildFile; fileRef = 6361C63E1F0CDE0600E0D405 /* view_orderHeader.swift */; };
		6361C6461F0CDE0600E0D405 /* view_orderHeader.xib in Resources */ = {isa = PBXBuildFile; fileRef = 6361C63F1F0CDE0600E0D405 /* view_orderHeader.xib */; };
		6361C6691F0CFA0600E0D405 /* OrderDetailVC.swift in Sources */ = {isa = PBXBuildFile; fileRef = 6361C65E1F0CFA0600E0D405 /* OrderDetailVC.swift */; };
		6361C66A1F0CFA0600E0D405 /* TCellOrderGoods.swift in Sources */ = {isa = PBXBuildFile; fileRef = 6361C65F1F0CFA0600E0D405 /* TCellOrderGoods.swift */; };
		6361C66B1F0CFA0600E0D405 /* TCellOrderGoods.xib in Resources */ = {isa = PBXBuildFile; fileRef = 6361C6601F0CFA0600E0D405 /* TCellOrderGoods.xib */; };
		6361C66C1F0CFA0600E0D405 /* TCellOrderInfo.swift in Sources */ = {isa = PBXBuildFile; fileRef = 6361C6611F0CFA0600E0D405 /* TCellOrderInfo.swift */; };
		6361C66D1F0CFA0600E0D405 /* TCellOrderInfo.xib in Resources */ = {isa = PBXBuildFile; fileRef = 6361C6621F0CFA0600E0D405 /* TCellOrderInfo.xib */; };
		6361C66E1F0CFA0600E0D405 /* TCellPostInfo.swift in Sources */ = {isa = PBXBuildFile; fileRef = 6361C6631F0CFA0600E0D405 /* TCellPostInfo.swift */; };
		6361C66F1F0CFA0600E0D405 /* TCellPostInfo.xib in Resources */ = {isa = PBXBuildFile; fileRef = 6361C6641F0CFA0600E0D405 /* TCellPostInfo.xib */; };
		6361C6701F0CFA0600E0D405 /* view_orderEndHeader.xib in Resources */ = {isa = PBXBuildFile; fileRef = 6361C6651F0CFA0600E0D405 /* view_orderEndHeader.xib */; };
		6361C6711F0CFA0600E0D405 /* view_orderEndFooter.swift in Sources */ = {isa = PBXBuildFile; fileRef = 6361C6661F0CFA0600E0D405 /* view_orderEndFooter.swift */; };
		6361C6721F0CFA0600E0D405 /* view_orderEndFooter.xib in Resources */ = {isa = PBXBuildFile; fileRef = 6361C6671F0CFA0600E0D405 /* view_orderEndFooter.xib */; };
		6361C6731F0CFA0600E0D405 /* view_orderEndHeader.swift in Sources */ = {isa = PBXBuildFile; fileRef = 6361C6681F0CFA0600E0D405 /* view_orderEndHeader.swift */; };
		6362C0211EF9172100B22CE5 /* TCell_infoHeader.swift in Sources */ = {isa = PBXBuildFile; fileRef = 6362C01F1EF9172100B22CE5 /* TCell_infoHeader.swift */; };
		6362C0221EF9172100B22CE5 /* TCell_infoHeader.xib in Resources */ = {isa = PBXBuildFile; fileRef = 6362C0201EF9172100B22CE5 /* TCell_infoHeader.xib */; };
		6362C0271EF9174700B22CE5 /* TCell_info.swift in Sources */ = {isa = PBXBuildFile; fileRef = 6362C0251EF9174700B22CE5 /* TCell_info.swift */; };
		6362C0281EF9174700B22CE5 /* TCell_info.xib in Resources */ = {isa = PBXBuildFile; fileRef = 6362C0261EF9174700B22CE5 /* TCell_info.xib */; };
		63657D961EE7CE3B00DA24F4 /* Login.storyboard in Resources */ = {isa = PBXBuildFile; fileRef = 63657D941EE7CE3B00DA24F4 /* Login.storyboard */; };
		63657DA01EE7CE5900DA24F4 /* Login_RootVC.swift in Sources */ = {isa = PBXBuildFile; fileRef = 63657D991EE7CE5900DA24F4 /* Login_RootVC.swift */; };
		63657DA21EE7CE5900DA24F4 /* Media.xcassets in Resources */ = {isa = PBXBuildFile; fileRef = 63657D9F1EE7CE5900DA24F4 /* Media.xcassets */; };
		63657DA51EE7D03200DA24F4 /* Const.swift in Sources */ = {isa = PBXBuildFile; fileRef = 63657DA41EE7D03200DA24F4 /* Const.swift */; };
		63657DA71EE7F51800DA24F4 /* GuideView.swift in Sources */ = {isa = PBXBuildFile; fileRef = 63657DA61EE7F51800DA24F4 /* GuideView.swift */; };
		636635FF1F05047E0060E7D4 /* chooseVC.swift in Sources */ = {isa = PBXBuildFile; fileRef = 636635EA1F05047E0060E7D4 /* chooseVC.swift */; };
		636636001F05047E0060E7D4 /* detail.jpg in Resources */ = {isa = PBXBuildFile; fileRef = 636635EB1F05047E0060E7D4 /* detail.jpg */; };
		636636011F05047E0060E7D4 /* GoodsDetailVC.swift in Sources */ = {isa = PBXBuildFile; fileRef = 636635EC1F05047E0060E7D4 /* GoodsDetailVC.swift */; };
		636636021F05047E0060E7D4 /* paris.jpg in Resources */ = {isa = PBXBuildFile; fileRef = 636635ED1F05047E0060E7D4 /* paris.jpg */; };
		636636031F05047E0060E7D4 /* TCellGoodsImage.swift in Sources */ = {isa = PBXBuildFile; fileRef = 636635EE1F05047E0060E7D4 /* TCellGoodsImage.swift */; };
		636636041F05047E0060E7D4 /* TCellGoodsImage.xib in Resources */ = {isa = PBXBuildFile; fileRef = 636635EF1F05047E0060E7D4 /* TCellGoodsImage.xib */; };
		636636051F05047E0060E7D4 /* TCellGoodsinfo.swift in Sources */ = {isa = PBXBuildFile; fileRef = 636635F01F05047E0060E7D4 /* TCellGoodsinfo.swift */; };
		636636061F05047E0060E7D4 /* TCellGoodsinfo.xib in Resources */ = {isa = PBXBuildFile; fileRef = 636635F11F05047E0060E7D4 /* TCellGoodsinfo.xib */; };
		636636071F05047E0060E7D4 /* GoodsPayVC.swift in Sources */ = {isa = PBXBuildFile; fileRef = 636635F31F05047E0060E7D4 /* GoodsPayVC.swift */; };
		636636081F05047E0060E7D4 /* Home_pShanghu.swift in Sources */ = {isa = PBXBuildFile; fileRef = 636635F51F05047E0060E7D4 /* Home_pShanghu.swift */; };
		636636091F05047E0060E7D4 /* TCellshanghu.swift in Sources */ = {isa = PBXBuildFile; fileRef = 636635F61F05047E0060E7D4 /* TCellshanghu.swift */; };
		6366360A1F05047E0060E7D4 /* TCellshanghu.xib in Resources */ = {isa = PBXBuildFile; fileRef = 636635F71F05047E0060E7D4 /* TCellshanghu.xib */; };
		6366360B1F05047E0060E7D4 /* view_shanghuHeader.swift in Sources */ = {isa = PBXBuildFile; fileRef = 636635F81F05047E0060E7D4 /* view_shanghuHeader.swift */; };
		6366360C1F05047E0060E7D4 /* CCell_shhuDetail.swift in Sources */ = {isa = PBXBuildFile; fileRef = 636635FA1F05047E0060E7D4 /* CCell_shhuDetail.swift */; };
		6366360D1F05047E0060E7D4 /* CCell_shhuDetail.xib in Resources */ = {isa = PBXBuildFile; fileRef = 636635FB1F05047E0060E7D4 /* CCell_shhuDetail.xib */; };
		6366360E1F05047E0060E7D4 /* CCell_shhuDetailHeader.swift in Sources */ = {isa = PBXBuildFile; fileRef = 636635FC1F05047E0060E7D4 /* CCell_shhuDetailHeader.swift */; };
		6366360F1F05047E0060E7D4 /* CCell_shhuDetailHeader.xib in Resources */ = {isa = PBXBuildFile; fileRef = 636635FD1F05047E0060E7D4 /* CCell_shhuDetailHeader.xib */; };
		636636101F05047E0060E7D4 /* shangHu_DetailVC.swift in Sources */ = {isa = PBXBuildFile; fileRef = 636635FE1F05047E0060E7D4 /* shangHu_DetailVC.swift */; };
		636636121F05057C0060E7D4 /* View_payHeader.swift in Sources */ = {isa = PBXBuildFile; fileRef = 636636111F05057C0060E7D4 /* View_payHeader.swift */; };
		636636141F05058C0060E7D4 /* View_payHeader.xib in Resources */ = {isa = PBXBuildFile; fileRef = 636636131F05058C0060E7D4 /* View_payHeader.xib */; };
		636636161F05059D0060E7D4 /* View_payFooter.swift in Sources */ = {isa = PBXBuildFile; fileRef = 636636151F05059D0060E7D4 /* View_payFooter.swift */; };
		636636181F0505A90060E7D4 /* View_payFooter.xib in Resources */ = {isa = PBXBuildFile; fileRef = 636636171F0505A90060E7D4 /* View_payFooter.xib */; };
		6385362E1EE7A1F800DB7BA1 /* AppDelegate.swift in Sources */ = {isa = PBXBuildFile; fileRef = 6385362D1EE7A1F800DB7BA1 /* AppDelegate.swift */; };
		638536301EE7A1F800DB7BA1 /* ViewController.swift in Sources */ = {isa = PBXBuildFile; fileRef = 6385362F1EE7A1F800DB7BA1 /* ViewController.swift */; };
		638536331EE7A1F800DB7BA1 /* Main.storyboard in Resources */ = {isa = PBXBuildFile; fileRef = 638536311EE7A1F800DB7BA1 /* Main.storyboard */; };
		638536361EE7A1F800DB7BA1 /* BanShengYuan.xcdatamodeld in Sources */ = {isa = PBXBuildFile; fileRef = 638536341EE7A1F800DB7BA1 /* BanShengYuan.xcdatamodeld */; };
		638536381EE7A1F800DB7BA1 /* Assets.xcassets in Resources */ = {isa = PBXBuildFile; fileRef = 638536371EE7A1F800DB7BA1 /* Assets.xcassets */; };
		6385363B1EE7A1F800DB7BA1 /* LaunchScreen.storyboard in Resources */ = {isa = PBXBuildFile; fileRef = 638536391EE7A1F800DB7BA1 /* LaunchScreen.storyboard */; };
		6386466B1EEA398F0077C6A0 /* Activity_RootVC.swift in Sources */ = {isa = PBXBuildFile; fileRef = 6386466A1EEA398F0077C6A0 /* Activity_RootVC.swift */; };
		638646721EEAAC420077C6A0 /* TCellActivity.swift in Sources */ = {isa = PBXBuildFile; fileRef = 638646701EEAAC420077C6A0 /* TCellActivity.swift */; };
		638646731EEAAC420077C6A0 /* TCellActivity.xib in Resources */ = {isa = PBXBuildFile; fileRef = 638646711EEAAC420077C6A0 /* TCellActivity.xib */; };
		638DE5FA1EF76BEF0017DA72 /* demo.gif in Resources */ = {isa = PBXBuildFile; fileRef = 638DE5F91EF76BEF0017DA72 /* demo.gif */; };
		638DE6051EF7B7390017DA72 /* UserCenter.storyboard in Resources */ = {isa = PBXBuildFile; fileRef = 638DE6031EF7B7390017DA72 /* UserCenter.storyboard */; };
		638DE60F1EF7B8080017DA72 /* TCell_User.swift in Sources */ = {isa = PBXBuildFile; fileRef = 638DE60A1EF7B8080017DA72 /* TCell_User.swift */; };
		638DE6101EF7B8080017DA72 /* TCell_User.xib in Resources */ = {isa = PBXBuildFile; fileRef = 638DE60B1EF7B8080017DA72 /* TCell_User.xib */; };
		638DE6111EF7B8080017DA72 /* UserCenter_RootVC.swift in Sources */ = {isa = PBXBuildFile; fileRef = 638DE60C1EF7B8080017DA72 /* UserCenter_RootVC.swift */; };
		638DE6121EF7B8080017DA72 /* view_userHeader.swift in Sources */ = {isa = PBXBuildFile; fileRef = 638DE60D1EF7B8080017DA72 /* view_userHeader.swift */; };
		638DE6131EF7B8080017DA72 /* view_userHeader.xib in Resources */ = {isa = PBXBuildFile; fileRef = 638DE60E1EF7B8080017DA72 /* view_userHeader.xib */; };
		638DE6191EF7B87C0017DA72 /* user_infoVC.swift in Sources */ = {isa = PBXBuildFile; fileRef = 638DE6181EF7B87C0017DA72 /* user_infoVC.swift */; };
		638F18321EF1116C00A33412 /* CCellHomeHeader.swift in Sources */ = {isa = PBXBuildFile; fileRef = 638F182A1EF1116C00A33412 /* CCellHomeHeader.swift */; };
		638F18331EF1116C00A33412 /* CCellHomeHeader.xib in Resources */ = {isa = PBXBuildFile; fileRef = 638F182B1EF1116C00A33412 /* CCellHomeHeader.xib */; };
		638F18341EF1116C00A33412 /* Home_RootVC.swift in Sources */ = {isa = PBXBuildFile; fileRef = 638F182C1EF1116C00A33412 /* Home_RootVC.swift */; };
		638F18351EF1116C00A33412 /* HomeHeaderV.swift in Sources */ = {isa = PBXBuildFile; fileRef = 638F182D1EF1116C00A33412 /* HomeHeaderV.swift */; };
		638F18361EF1116C00A33412 /* TCell_Footer.swift in Sources */ = {isa = PBXBuildFile; fileRef = 638F182E1EF1116C00A33412 /* TCell_Footer.swift */; };
		638F18371EF1116C00A33412 /* TCell_Footer.xib in Resources */ = {isa = PBXBuildFile; fileRef = 638F182F1EF1116C00A33412 /* TCell_Footer.xib */; };
		638F18381EF1116C00A33412 /* TCellHomeActivities.swift in Sources */ = {isa = PBXBuildFile; fileRef = 638F18301EF1116C00A33412 /* TCellHomeActivities.swift */; };
		638F18391EF1116C00A33412 /* TCellHomeActivities.xib in Resources */ = {isa = PBXBuildFile; fileRef = 638F18311EF1116C00A33412 /* TCellHomeActivities.xib */; };
		638F18461EF111DD00A33412 /* CCell_pinPai.swift in Sources */ = {isa = PBXBuildFile; fileRef = 638F183B1EF111DD00A33412 /* CCell_pinPai.swift */; };
		638F18471EF111DD00A33412 /* CCell_pinPai.xib in Resources */ = {isa = PBXBuildFile; fileRef = 638F183C1EF111DD00A33412 /* CCell_pinPai.xib */; };
		638F18481EF111DD00A33412 /* home_pinPaiVC.swift in Sources */ = {isa = PBXBuildFile; fileRef = 638F183D1EF111DD00A33412 /* home_pinPaiVC.swift */; };
		638F184B1EF1133400A33412 /* Home_pActivity.swift in Sources */ = {isa = PBXBuildFile; fileRef = 638F184A1EF1133400A33412 /* Home_pActivity.swift */; };
		638F184F1EF1135500A33412 /* Home_pParking.swift in Sources */ = {isa = PBXBuildFile; fileRef = 638F184E1EF1135500A33412 /* Home_pParking.swift */; };
		638F18511EF1136700A33412 /* Home_pMusic.swift in Sources */ = {isa = PBXBuildFile; fileRef = 638F18501EF1136700A33412 /* Home_pMusic.swift */; };
		638F18531EF1137D00A33412 /* Home_pVip.swift in Sources */ = {isa = PBXBuildFile; fileRef = 638F18521EF1137D00A33412 /* Home_pVip.swift */; };
		638F18551EF1138F00A33412 /* Home_pMore.swift in Sources */ = {isa = PBXBuildFile; fileRef = 638F18541EF1138F00A33412 /* Home_pMore.swift */; };
		638F18571EF113CA00A33412 /* Home_pHuashi.swift in Sources */ = {isa = PBXBuildFile; fileRef = 638F18561EF113CA00A33412 /* Home_pHuashi.swift */; };
		638F18591EF114C700A33412 /* BaseTabHiden.swift in Sources */ = {isa = PBXBuildFile; fileRef = 638F18581EF114C700A33412 /* BaseTabHiden.swift */; };
		638F185B1EF1198300A33412 /* IBTabC.swift in Sources */ = {isa = PBXBuildFile; fileRef = 638F185A1EF1198300A33412 /* IBTabC.swift */; };
		63AF0E5F1EF3DC9100642DB7 /* IBHUD.swift in Sources */ = {isa = PBXBuildFile; fileRef = 63AF0E5E1EF3DC9100642DB7 /* IBHUD.swift */; };
		63D7872B1F03B41400937135 /* IBCollectionViewFlowLayout.swift in Sources */ = {isa = PBXBuildFile; fileRef = 63D7872A1F03B41400937135 /* IBCollectionViewFlowLayout.swift */; };
		63EC60391EF10DAB001F56D8 /* NextPages_FromHome.storyboard in Resources */ = {isa = PBXBuildFile; fileRef = 63EC60371EF10DAB001F56D8 /* NextPages_FromHome.storyboard */; };
		88F9197225FFA7C0201230C0 /* Pods_BanShengYuan.framework in Frameworks */ = {isa = PBXBuildFile; fileRef = 4AAF75A0826C20B886A2998A /* Pods_BanShengYuan.framework */; };
/* End PBXBuildFile section */

/* Begin PBXFileReference section */
		0A84C5F4F53F71BED1098F95 /* Pods-BanShengYuan.debug.xcconfig */ = {isa = PBXFileReference; includeInIndex = 1; lastKnownFileType = text.xcconfig; name = "Pods-BanShengYuan.debug.xcconfig"; path = "Pods/Target Support Files/Pods-BanShengYuan/Pods-BanShengYuan.debug.xcconfig"; sourceTree = "<group>"; };
		0DF03F0D152022F36A26F6B4 /* Pods-BanShengYuan.release.xcconfig */ = {isa = PBXFileReference; includeInIndex = 1; lastKnownFileType = text.xcconfig; name = "Pods-BanShengYuan.release.xcconfig"; path = "Pods/Target Support Files/Pods-BanShengYuan/Pods-BanShengYuan.release.xcconfig"; sourceTree = "<group>"; };
		4AAF75A0826C20B886A2998A /* Pods_BanShengYuan.framework */ = {isa = PBXFileReference; explicitFileType = wrapper.framework; includeInIndex = 0; path = Pods_BanShengYuan.framework; sourceTree = BUILT_PRODUCTS_DIR; };
		63020C221EFCB070003F8199 /* AddressCityPickerView.swift */ = {isa = PBXFileReference; fileEncoding = 4; lastKnownFileType = sourcecode.swift; path = AddressCityPickerView.swift; sourceTree = "<group>"; };
		63020C231EFCB070003F8199 /* citydatacoding.plist */ = {isa = PBXFileReference; lastKnownFileType = file.bplist; path = citydatacoding.plist; sourceTree = "<group>"; };
		63020C241EFCB070003F8199 /* ProvinceModel.swift */ = {isa = PBXFileReference; fileEncoding = 4; lastKnownFileType = sourcecode.swift; path = ProvinceModel.swift; sourceTree = "<group>"; };
		63020C401EFD0934003F8199 /* ModelUserInfo.swift */ = {isa = PBXFileReference; fileEncoding = 4; lastKnownFileType = sourcecode.swift; path = ModelUserInfo.swift; sourceTree = "<group>"; };
		630BCFF11F13256500E68C34 /* orderAPI.swift */ = {isa = PBXFileReference; fileEncoding = 4; lastKnownFileType = sourcecode.swift; path = orderAPI.swift; sourceTree = "<group>"; };
		630BCFF31F13257E00E68C34 /* orderModel.swift */ = {isa = PBXFileReference; fileEncoding = 4; lastKnownFileType = sourcecode.swift; path = orderModel.swift; sourceTree = "<group>"; };
		630E7D1C1F0BB3CB00A5F86A /* CCellChooseCover.swift */ = {isa = PBXFileReference; fileEncoding = 4; lastKnownFileType = sourcecode.swift; path = CCellChooseCover.swift; sourceTree = "<group>"; };
		630E7D1D1F0BB3CB00A5F86A /* CCellChooseCover.xib */ = {isa = PBXFileReference; fileEncoding = 4; lastKnownFileType = file.xib; path = CCellChooseCover.xib; sourceTree = "<group>"; };
		630F3E8D1F0F68740073884D /* PIC.png */ = {isa = PBXFileReference; lastKnownFileType = image.png; path = PIC.png; sourceTree = "<group>"; };
		631BF39C1F132CA000589FB0 /* ModelOrder.swift */ = {isa = PBXFileReference; fileEncoding = 4; lastKnownFileType = sourcecode.swift; path = ModelOrder.swift; sourceTree = "<group>"; };
		6321237A1F0B3D6000DA9B5C /* activityDetailVC.swift */ = {isa = PBXFileReference; fileEncoding = 4; lastKnownFileType = sourcecode.swift; path = activityDetailVC.swift; sourceTree = "<group>"; };
		6321237D1F0B403A00DA9B5C /* Base */ = {isa = PBXFileReference; lastKnownFileType = file.storyboard; name = Base; path = Base.lproj/NextPageActivity.storyboard; sourceTree = "<group>"; };
		633D59B61F0E519D0068B351 /* ModelAddress.swift */ = {isa = PBXFileReference; fileEncoding = 4; lastKnownFileType = sourcecode.swift; path = ModelAddress.swift; sourceTree = "<group>"; };
		633D59B71F0E519D0068B351 /* TCell_userAddress.swift */ = {isa = PBXFileReference; fileEncoding = 4; lastKnownFileType = sourcecode.swift; path = TCell_userAddress.swift; sourceTree = "<group>"; };
		633D59B81F0E519D0068B351 /* TCell_userAddress.xib */ = {isa = PBXFileReference; fileEncoding = 4; lastKnownFileType = file.xib; path = TCell_userAddress.xib; sourceTree = "<group>"; };
		633D59B91F0E519D0068B351 /* user_addressAddVC.swift */ = {isa = PBXFileReference; fileEncoding = 4; lastKnownFileType = sourcecode.swift; path = user_addressAddVC.swift; sourceTree = "<group>"; };
		633D59BA1F0E519D0068B351 /* user_AddressVC.swift */ = {isa = PBXFileReference; fileEncoding = 4; lastKnownFileType = sourcecode.swift; path = user_AddressVC.swift; sourceTree = "<group>"; };
		634463981F04A62D000085E7 /* login.png */ = {isa = PBXFileReference; lastKnownFileType = image.png; path = login.png; sourceTree = "<group>"; };
		6344639A1F04DE0F000085E7 /* Userbackground.png */ = {isa = PBXFileReference; lastKnownFileType = image.png; path = Userbackground.png; sourceTree = "<group>"; };
		634DE72A1EF381D200E44AFA /* TCell_pActivity.swift */ = {isa = PBXFileReference; fileEncoding = 4; lastKnownFileType = sourcecode.swift; path = TCell_pActivity.swift; sourceTree = "<group>"; };
		634DE72B1EF381D200E44AFA /* TCell_pActivity.xib */ = {isa = PBXFileReference; fileEncoding = 4; lastKnownFileType = file.xib; path = TCell_pActivity.xib; sourceTree = "<group>"; };
		634F63D81F0E0A0C00DE4B92 /* CCellChooseVCHeader.swift */ = {isa = PBXFileReference; fileEncoding = 4; lastKnownFileType = sourcecode.swift; path = CCellChooseVCHeader.swift; sourceTree = "<group>"; };
		634F63D91F0E0A0C00DE4B92 /* CCellChooseVCHeader.xib */ = {isa = PBXFileReference; fileEncoding = 4; lastKnownFileType = file.xib; path = CCellChooseVCHeader.xib; sourceTree = "<group>"; };
		634F63EF1F0E172A00DE4B92 /* API.swift */ = {isa = PBXFileReference; fileEncoding = 4; lastKnownFileType = sourcecode.swift; path = API.swift; sourceTree = "<group>"; };
		634F63F01F0E172A00DE4B92 /* Observable+ObjectMapper.swift */ = {isa = PBXFileReference; fileEncoding = 4; lastKnownFileType = sourcecode.swift; path = "Observable+ObjectMapper.swift"; sourceTree = "<group>"; };
		634F63F11F0E172A00DE4B92 /* shopAPI.swift */ = {isa = PBXFileReference; fileEncoding = 4; lastKnownFileType = sourcecode.swift; path = shopAPI.swift; sourceTree = "<group>"; };
		634F63F21F0E172A00DE4B92 /* shopModel.swift */ = {isa = PBXFileReference; fileEncoding = 4; lastKnownFileType = sourcecode.swift; path = shopModel.swift; sourceTree = "<group>"; };
		634F63F31F0E172A00DE4B92 /* ViewModel.swift */ = {isa = PBXFileReference; fileEncoding = 4; lastKnownFileType = sourcecode.swift; path = ViewModel.swift; sourceTree = "<group>"; };
		634F63F41F0E172A00DE4B92 /* vipAPI.swift */ = {isa = PBXFileReference; fileEncoding = 4; lastKnownFileType = sourcecode.swift; path = vipAPI.swift; sourceTree = "<group>"; };
		634F63F51F0E172A00DE4B92 /* vipModel.swift */ = {isa = PBXFileReference; fileEncoding = 4; lastKnownFileType = sourcecode.swift; path = vipModel.swift; sourceTree = "<group>"; };
		634F63F71F0E172A00DE4B92 /* ModelAddressPost.swift */ = {isa = PBXFileReference; fileEncoding = 4; lastKnownFileType = sourcecode.swift; path = ModelAddressPost.swift; sourceTree = "<group>"; };
		634F63F81F0E172A00DE4B92 /* ModelBack.swift */ = {isa = PBXFileReference; fileEncoding = 4; lastKnownFileType = sourcecode.swift; path = ModelBack.swift; sourceTree = "<group>"; };
		634F63F91F0E172A00DE4B92 /* ModelLoginPost.swift */ = {isa = PBXFileReference; fileEncoding = 4; lastKnownFileType = sourcecode.swift; path = ModelLoginPost.swift; sourceTree = "<group>"; };
		634F63FA1F0E172A00DE4B92 /* ModelShop.swift */ = {isa = PBXFileReference; fileEncoding = 4; lastKnownFileType = sourcecode.swift; path = ModelShop.swift; sourceTree = "<group>"; };
		634F63FB1F0E172A00DE4B92 /* ModelUserPost.swift */ = {isa = PBXFileReference; fileEncoding = 4; lastKnownFileType = sourcecode.swift; path = ModelUserPost.swift; sourceTree = "<group>"; };
		634F63FC1F0E172A00DE4B92 /* ModelVIPPost.swift */ = {isa = PBXFileReference; fileEncoding = 4; lastKnownFileType = sourcecode.swift; path = ModelVIPPost.swift; sourceTree = "<group>"; };
		634F63FE1F0E172A00DE4B92 /* qiniu.swift */ = {isa = PBXFileReference; fileEncoding = 4; lastKnownFileType = sourcecode.swift; path = qiniu.swift; sourceTree = "<group>"; };
		635380D11EE8E52A006C0375 /* Source.bundle */ = {isa = PBXFileReference; lastKnownFileType = "wrapper.plug-in"; path = Source.bundle; sourceTree = "<group>"; };
		635381071EE8FDFD006C0375 /* QuartzCore.framework */ = {isa = PBXFileReference; lastKnownFileType = wrapper.framework; name = QuartzCore.framework; path = System/Library/Frameworks/QuartzCore.framework; sourceTree = SDKROOT; };
		635381091EE8FE05006C0375 /* CoreGraphics.framework */ = {isa = PBXFileReference; lastKnownFileType = wrapper.framework; name = CoreGraphics.framework; path = System/Library/Frameworks/CoreGraphics.framework; sourceTree = SDKROOT; };
		6353810C1EE93266006C0375 /* RegistVC.swift */ = {isa = PBXFileReference; fileEncoding = 4; lastKnownFileType = sourcecode.swift; path = RegistVC.swift; sourceTree = "<group>"; };
		6353810E1EE93EA5006C0375 /* getResetCodeVC.swift */ = {isa = PBXFileReference; fileEncoding = 4; lastKnownFileType = sourcecode.swift; path = getResetCodeVC.swift; sourceTree = "<group>"; };
		635381101EE93EC8006C0375 /* resetPwdVC.swift */ = {isa = PBXFileReference; fileEncoding = 4; lastKnownFileType = sourcecode.swift; path = resetPwdVC.swift; sourceTree = "<group>"; };
		635524DF1F01EFB90038AA1C /* info_NameVC.swift */ = {isa = PBXFileReference; fileEncoding = 4; lastKnownFileType = sourcecode.swift; path = info_NameVC.swift; sourceTree = "<group>"; };
		635524E11F01EFCD0038AA1C /* info_SexVC.swift */ = {isa = PBXFileReference; fileEncoding = 4; lastKnownFileType = sourcecode.swift; path = info_SexVC.swift; sourceTree = "<group>"; };
		63559AA81EFA0EC2003FC6E5 /* Views.swift */ = {isa = PBXFileReference; fileEncoding = 4; lastKnownFileType = sourcecode.swift; path = Views.swift; sourceTree = "<group>"; };
		63559AAA1EFA0ECB003FC6E5 /* Datas.swift */ = {isa = PBXFileReference; fileEncoding = 4; lastKnownFileType = sourcecode.swift; path = Datas.swift; sourceTree = "<group>"; };
		63559AAC1EFA0ED8003FC6E5 /* Dates.swift */ = {isa = PBXFileReference; fileEncoding = 4; lastKnownFileType = sourcecode.swift; path = Dates.swift; sourceTree = "<group>"; };
		63559AAE1EFA1BE9003FC6E5 /* Strings.swift */ = {isa = PBXFileReference; fileEncoding = 4; lastKnownFileType = sourcecode.swift; path = Strings.swift; sourceTree = "<group>"; };
		63559AB01EFA48C2003FC6E5 /* LoginNaviC.swift */ = {isa = PBXFileReference; fileEncoding = 4; lastKnownFileType = sourcecode.swift; path = LoginNaviC.swift; sourceTree = "<group>"; };
		63559AB21EFA5639003FC6E5 /* Colors.swift */ = {isa = PBXFileReference; fileEncoding = 4; lastKnownFileType = sourcecode.swift; path = Colors.swift; sourceTree = "<group>"; };
		63559AB41EFA6D4F003FC6E5 /* HomeNaviC.swift */ = {isa = PBXFileReference; fileEncoding = 4; lastKnownFileType = sourcecode.swift; path = HomeNaviC.swift; sourceTree = "<group>"; };
		63559AB61EFA6D6E003FC6E5 /* ActivityNaviC.swift */ = {isa = PBXFileReference; fileEncoding = 4; lastKnownFileType = sourcecode.swift; path = ActivityNaviC.swift; sourceTree = "<group>"; };
		63559AB81EFA6D7F003FC6E5 /* UserCenterNaviC.swift */ = {isa = PBXFileReference; fileEncoding = 4; lastKnownFileType = sourcecode.swift; path = UserCenterNaviC.swift; sourceTree = "<group>"; };
		635D83E11EF226BA007A2C05 /* XHAdLoopView.swift */ = {isa = PBXFileReference; fileEncoding = 4; lastKnownFileType = sourcecode.swift; path = XHAdLoopView.swift; sourceTree = "<group>"; };
		635D83E41EF22B72007A2C05 /* INOScrollView.swift */ = {isa = PBXFileReference; fileEncoding = 4; lastKnownFileType = sourcecode.swift; path = INOScrollView.swift; sourceTree = "<group>"; };
		635D83E51EF22B72007A2C05 /* INOScrollViewCell.swift */ = {isa = PBXFileReference; fileEncoding = 4; lastKnownFileType = sourcecode.swift; path = INOScrollViewCell.swift; sourceTree = "<group>"; };
		635D84041EF286AE007A2C05 /* Reflect+ArcFile.swift */ = {isa = PBXFileReference; fileEncoding = 4; lastKnownFileType = sourcecode.swift; path = "Reflect+ArcFile.swift"; sourceTree = "<group>"; };
		635D84061EF286AE007A2C05 /* Reflect+Parse.swift */ = {isa = PBXFileReference; fileEncoding = 4; lastKnownFileType = sourcecode.swift; path = "Reflect+Parse.swift"; sourceTree = "<group>"; };
		635D84081EF286AE007A2C05 /* Reflect+Convert.swift */ = {isa = PBXFileReference; fileEncoding = 4; lastKnownFileType = sourcecode.swift; path = "Reflect+Convert.swift"; sourceTree = "<group>"; };
		635D840A1EF286AE007A2C05 /* Reflect+Class.swift */ = {isa = PBXFileReference; fileEncoding = 4; lastKnownFileType = sourcecode.swift; path = "Reflect+Class.swift"; sourceTree = "<group>"; };
		635D840B1EF286AE007A2C05 /* Reflect+Other.swift */ = {isa = PBXFileReference; fileEncoding = 4; lastKnownFileType = sourcecode.swift; path = "Reflect+Other.swift"; sourceTree = "<group>"; };
		635D840C1EF286AE007A2C05 /* Reflect+Property.swift */ = {isa = PBXFileReference; fileEncoding = 4; lastKnownFileType = sourcecode.swift; path = "Reflect+Property.swift"; sourceTree = "<group>"; };
		635D840D1EF286AE007A2C05 /* Reflect+Type.swift */ = {isa = PBXFileReference; fileEncoding = 4; lastKnownFileType = sourcecode.swift; path = "Reflect+Type.swift"; sourceTree = "<group>"; };
		635D840E1EF286AE007A2C05 /* Reflect.swift */ = {isa = PBXFileReference; fileEncoding = 4; lastKnownFileType = sourcecode.swift; path = Reflect.swift; sourceTree = "<group>"; };
		636170241F0105DC00EB8A26 /* Alamofire.framework */ = {isa = PBXFileReference; lastKnownFileType = wrapper.framework; name = Alamofire.framework; path = "../../../Library/Developer/Xcode/DerivedData/BanShengYuan-accfmtcjbxowgzgldcgogppvvmqm/Build/Products/Debug-iphonesimulator/Alamofire/Alamofire.framework"; sourceTree = "<group>"; };
		6361C6391F0CDE0600E0D405 /* TCell_UserOrder.swift */ = {isa = PBXFileReference; fileEncoding = 4; lastKnownFileType = sourcecode.swift; path = TCell_UserOrder.swift; sourceTree = "<group>"; };
		6361C63A1F0CDE0600E0D405 /* TCell_UserOrder.xib */ = {isa = PBXFileReference; fileEncoding = 4; lastKnownFileType = file.xib; path = TCell_UserOrder.xib; sourceTree = "<group>"; };
		6361C63B1F0CDE0600E0D405 /* user_OrderVC.swift */ = {isa = PBXFileReference; fileEncoding = 4; lastKnownFileType = sourcecode.swift; path = user_OrderVC.swift; sourceTree = "<group>"; };
		6361C63C1F0CDE0600E0D405 /* view_orderFooter.swift */ = {isa = PBXFileReference; fileEncoding = 4; lastKnownFileType = sourcecode.swift; path = view_orderFooter.swift; sourceTree = "<group>"; };
		6361C63D1F0CDE0600E0D405 /* view_orderFooter.xib */ = {isa = PBXFileReference; fileEncoding = 4; lastKnownFileType = file.xib; path = view_orderFooter.xib; sourceTree = "<group>"; };
		6361C63E1F0CDE0600E0D405 /* view_orderHeader.swift */ = {isa = PBXFileReference; fileEncoding = 4; lastKnownFileType = sourcecode.swift; path = view_orderHeader.swift; sourceTree = "<group>"; };
		6361C63F1F0CDE0600E0D405 /* view_orderHeader.xib */ = {isa = PBXFileReference; fileEncoding = 4; lastKnownFileType = file.xib; path = view_orderHeader.xib; sourceTree = "<group>"; };
		6361C65E1F0CFA0600E0D405 /* OrderDetailVC.swift */ = {isa = PBXFileReference; fileEncoding = 4; lastKnownFileType = sourcecode.swift; path = OrderDetailVC.swift; sourceTree = "<group>"; };
		6361C65F1F0CFA0600E0D405 /* TCellOrderGoods.swift */ = {isa = PBXFileReference; fileEncoding = 4; lastKnownFileType = sourcecode.swift; path = TCellOrderGoods.swift; sourceTree = "<group>"; };
		6361C6601F0CFA0600E0D405 /* TCellOrderGoods.xib */ = {isa = PBXFileReference; fileEncoding = 4; lastKnownFileType = file.xib; path = TCellOrderGoods.xib; sourceTree = "<group>"; };
		6361C6611F0CFA0600E0D405 /* TCellOrderInfo.swift */ = {isa = PBXFileReference; fileEncoding = 4; lastKnownFileType = sourcecode.swift; path = TCellOrderInfo.swift; sourceTree = "<group>"; };
		6361C6621F0CFA0600E0D405 /* TCellOrderInfo.xib */ = {isa = PBXFileReference; fileEncoding = 4; lastKnownFileType = file.xib; path = TCellOrderInfo.xib; sourceTree = "<group>"; };
		6361C6631F0CFA0600E0D405 /* TCellPostInfo.swift */ = {isa = PBXFileReference; fileEncoding = 4; lastKnownFileType = sourcecode.swift; path = TCellPostInfo.swift; sourceTree = "<group>"; };
		6361C6641F0CFA0600E0D405 /* TCellPostInfo.xib */ = {isa = PBXFileReference; fileEncoding = 4; lastKnownFileType = file.xib; path = TCellPostInfo.xib; sourceTree = "<group>"; };
		6361C6651F0CFA0600E0D405 /* view_orderEndHeader.xib */ = {isa = PBXFileReference; fileEncoding = 4; lastKnownFileType = file.xib; path = view_orderEndHeader.xib; sourceTree = "<group>"; };
		6361C6661F0CFA0600E0D405 /* view_orderEndFooter.swift */ = {isa = PBXFileReference; fileEncoding = 4; lastKnownFileType = sourcecode.swift; path = view_orderEndFooter.swift; sourceTree = "<group>"; };
		6361C6671F0CFA0600E0D405 /* view_orderEndFooter.xib */ = {isa = PBXFileReference; fileEncoding = 4; lastKnownFileType = file.xib; path = view_orderEndFooter.xib; sourceTree = "<group>"; };
		6361C6681F0CFA0600E0D405 /* view_orderEndHeader.swift */ = {isa = PBXFileReference; fileEncoding = 4; lastKnownFileType = sourcecode.swift; path = view_orderEndHeader.swift; sourceTree = "<group>"; };
		6362C01F1EF9172100B22CE5 /* TCell_infoHeader.swift */ = {isa = PBXFileReference; fileEncoding = 4; lastKnownFileType = sourcecode.swift; path = TCell_infoHeader.swift; sourceTree = "<group>"; };
		6362C0201EF9172100B22CE5 /* TCell_infoHeader.xib */ = {isa = PBXFileReference; fileEncoding = 4; lastKnownFileType = file.xib; path = TCell_infoHeader.xib; sourceTree = "<group>"; };
		6362C0251EF9174700B22CE5 /* TCell_info.swift */ = {isa = PBXFileReference; fileEncoding = 4; lastKnownFileType = sourcecode.swift; path = TCell_info.swift; sourceTree = "<group>"; };
		6362C0261EF9174700B22CE5 /* TCell_info.xib */ = {isa = PBXFileReference; fileEncoding = 4; lastKnownFileType = file.xib; path = TCell_info.xib; sourceTree = "<group>"; };
		63657D951EE7CE3B00DA24F4 /* Base */ = {isa = PBXFileReference; lastKnownFileType = file.storyboard; name = Base; path = Base.lproj/Login.storyboard; sourceTree = "<group>"; };
		63657D991EE7CE5900DA24F4 /* Login_RootVC.swift */ = {isa = PBXFileReference; fileEncoding = 4; lastKnownFileType = sourcecode.swift; path = Login_RootVC.swift; sourceTree = "<group>"; };
		63657D9F1EE7CE5900DA24F4 /* Media.xcassets */ = {isa = PBXFileReference; lastKnownFileType = folder.assetcatalog; path = Media.xcassets; sourceTree = "<group>"; };
		63657DA41EE7D03200DA24F4 /* Const.swift */ = {isa = PBXFileReference; fileEncoding = 4; lastKnownFileType = sourcecode.swift; path = Const.swift; sourceTree = "<group>"; };
		63657DA61EE7F51800DA24F4 /* GuideView.swift */ = {isa = PBXFileReference; fileEncoding = 4; lastKnownFileType = sourcecode.swift; path = GuideView.swift; sourceTree = "<group>"; };
		636635EA1F05047E0060E7D4 /* chooseVC.swift */ = {isa = PBXFileReference; fileEncoding = 4; lastKnownFileType = sourcecode.swift; path = chooseVC.swift; sourceTree = "<group>"; };
		636635EB1F05047E0060E7D4 /* detail.jpg */ = {isa = PBXFileReference; lastKnownFileType = image.jpeg; path = detail.jpg; sourceTree = "<group>"; };
		636635EC1F05047E0060E7D4 /* GoodsDetailVC.swift */ = {isa = PBXFileReference; fileEncoding = 4; lastKnownFileType = sourcecode.swift; path = GoodsDetailVC.swift; sourceTree = "<group>"; };
		636635ED1F05047E0060E7D4 /* paris.jpg */ = {isa = PBXFileReference; lastKnownFileType = image.jpeg; path = paris.jpg; sourceTree = "<group>"; };
		636635EE1F05047E0060E7D4 /* TCellGoodsImage.swift */ = {isa = PBXFileReference; fileEncoding = 4; lastKnownFileType = sourcecode.swift; path = TCellGoodsImage.swift; sourceTree = "<group>"; };
		636635EF1F05047E0060E7D4 /* TCellGoodsImage.xib */ = {isa = PBXFileReference; fileEncoding = 4; lastKnownFileType = file.xib; path = TCellGoodsImage.xib; sourceTree = "<group>"; };
		636635F01F05047E0060E7D4 /* TCellGoodsinfo.swift */ = {isa = PBXFileReference; fileEncoding = 4; lastKnownFileType = sourcecode.swift; path = TCellGoodsinfo.swift; sourceTree = "<group>"; };
		636635F11F05047E0060E7D4 /* TCellGoodsinfo.xib */ = {isa = PBXFileReference; fileEncoding = 4; lastKnownFileType = file.xib; path = TCellGoodsinfo.xib; sourceTree = "<group>"; };
		636635F31F05047E0060E7D4 /* GoodsPayVC.swift */ = {isa = PBXFileReference; fileEncoding = 4; lastKnownFileType = sourcecode.swift; path = GoodsPayVC.swift; sourceTree = "<group>"; };
		636635F51F05047E0060E7D4 /* Home_pShanghu.swift */ = {isa = PBXFileReference; fileEncoding = 4; lastKnownFileType = sourcecode.swift; path = Home_pShanghu.swift; sourceTree = "<group>"; };
		636635F61F05047E0060E7D4 /* TCellshanghu.swift */ = {isa = PBXFileReference; fileEncoding = 4; lastKnownFileType = sourcecode.swift; path = TCellshanghu.swift; sourceTree = "<group>"; };
		636635F71F05047E0060E7D4 /* TCellshanghu.xib */ = {isa = PBXFileReference; fileEncoding = 4; lastKnownFileType = file.xib; path = TCellshanghu.xib; sourceTree = "<group>"; };
		636635F81F05047E0060E7D4 /* view_shanghuHeader.swift */ = {isa = PBXFileReference; fileEncoding = 4; lastKnownFileType = sourcecode.swift; path = view_shanghuHeader.swift; sourceTree = "<group>"; };
		636635FA1F05047E0060E7D4 /* CCell_shhuDetail.swift */ = {isa = PBXFileReference; fileEncoding = 4; lastKnownFileType = sourcecode.swift; path = CCell_shhuDetail.swift; sourceTree = "<group>"; };
		636635FB1F05047E0060E7D4 /* CCell_shhuDetail.xib */ = {isa = PBXFileReference; fileEncoding = 4; lastKnownFileType = file.xib; path = CCell_shhuDetail.xib; sourceTree = "<group>"; };
		636635FC1F05047E0060E7D4 /* CCell_shhuDetailHeader.swift */ = {isa = PBXFileReference; fileEncoding = 4; lastKnownFileType = sourcecode.swift; path = CCell_shhuDetailHeader.swift; sourceTree = "<group>"; };
		636635FD1F05047E0060E7D4 /* CCell_shhuDetailHeader.xib */ = {isa = PBXFileReference; fileEncoding = 4; lastKnownFileType = file.xib; path = CCell_shhuDetailHeader.xib; sourceTree = "<group>"; };
		636635FE1F05047E0060E7D4 /* shangHu_DetailVC.swift */ = {isa = PBXFileReference; fileEncoding = 4; lastKnownFileType = sourcecode.swift; path = shangHu_DetailVC.swift; sourceTree = "<group>"; };
		636636111F05057C0060E7D4 /* View_payHeader.swift */ = {isa = PBXFileReference; fileEncoding = 4; lastKnownFileType = sourcecode.swift; path = View_payHeader.swift; sourceTree = "<group>"; };
		636636131F05058C0060E7D4 /* View_payHeader.xib */ = {isa = PBXFileReference; fileEncoding = 4; lastKnownFileType = file.xib; path = View_payHeader.xib; sourceTree = "<group>"; };
		636636151F05059D0060E7D4 /* View_payFooter.swift */ = {isa = PBXFileReference; fileEncoding = 4; lastKnownFileType = sourcecode.swift; path = View_payFooter.swift; sourceTree = "<group>"; };
		636636171F0505A90060E7D4 /* View_payFooter.xib */ = {isa = PBXFileReference; fileEncoding = 4; lastKnownFileType = file.xib; path = View_payFooter.xib; sourceTree = "<group>"; };
		6385362A1EE7A1F800DB7BA1 /* BanShengYuan.app */ = {isa = PBXFileReference; explicitFileType = wrapper.application; includeInIndex = 0; path = BanShengYuan.app; sourceTree = BUILT_PRODUCTS_DIR; };
		6385362D1EE7A1F800DB7BA1 /* AppDelegate.swift */ = {isa = PBXFileReference; lastKnownFileType = sourcecode.swift; path = AppDelegate.swift; sourceTree = "<group>"; };
		6385362F1EE7A1F800DB7BA1 /* ViewController.swift */ = {isa = PBXFileReference; lastKnownFileType = sourcecode.swift; path = ViewController.swift; sourceTree = "<group>"; };
		638536321EE7A1F800DB7BA1 /* Base */ = {isa = PBXFileReference; lastKnownFileType = file.storyboard; name = Base; path = Base.lproj/Main.storyboard; sourceTree = "<group>"; };
		638536351EE7A1F800DB7BA1 /* BanShengYuan.xcdatamodel */ = {isa = PBXFileReference; lastKnownFileType = wrapper.xcdatamodel; path = BanShengYuan.xcdatamodel; sourceTree = "<group>"; };
		638536371EE7A1F800DB7BA1 /* Assets.xcassets */ = {isa = PBXFileReference; lastKnownFileType = folder.assetcatalog; path = Assets.xcassets; sourceTree = "<group>"; };
		6385363A1EE7A1F800DB7BA1 /* Base */ = {isa = PBXFileReference; lastKnownFileType = file.storyboard; name = Base; path = Base.lproj/LaunchScreen.storyboard; sourceTree = "<group>"; };
		6385363C1EE7A1F800DB7BA1 /* Info.plist */ = {isa = PBXFileReference; lastKnownFileType = text.plist.xml; path = Info.plist; sourceTree = "<group>"; };
		6386466A1EEA398F0077C6A0 /* Activity_RootVC.swift */ = {isa = PBXFileReference; fileEncoding = 4; lastKnownFileType = sourcecode.swift; path = Activity_RootVC.swift; sourceTree = "<group>"; };
		638646701EEAAC420077C6A0 /* TCellActivity.swift */ = {isa = PBXFileReference; fileEncoding = 4; lastKnownFileType = sourcecode.swift; path = TCellActivity.swift; sourceTree = "<group>"; };
		638646711EEAAC420077C6A0 /* TCellActivity.xib */ = {isa = PBXFileReference; fileEncoding = 4; lastKnownFileType = file.xib; path = TCellActivity.xib; sourceTree = "<group>"; };
		638DE5F91EF76BEF0017DA72 /* demo.gif */ = {isa = PBXFileReference; lastKnownFileType = image.gif; path = demo.gif; sourceTree = "<group>"; };
		638DE6041EF7B7390017DA72 /* Base */ = {isa = PBXFileReference; lastKnownFileType = file.storyboard; name = Base; path = Base.lproj/UserCenter.storyboard; sourceTree = "<group>"; };
		638DE60A1EF7B8080017DA72 /* TCell_User.swift */ = {isa = PBXFileReference; fileEncoding = 4; lastKnownFileType = sourcecode.swift; path = TCell_User.swift; sourceTree = "<group>"; };
		638DE60B1EF7B8080017DA72 /* TCell_User.xib */ = {isa = PBXFileReference; fileEncoding = 4; lastKnownFileType = file.xib; path = TCell_User.xib; sourceTree = "<group>"; };
		638DE60C1EF7B8080017DA72 /* UserCenter_RootVC.swift */ = {isa = PBXFileReference; fileEncoding = 4; lastKnownFileType = sourcecode.swift; path = UserCenter_RootVC.swift; sourceTree = "<group>"; };
		638DE60D1EF7B8080017DA72 /* view_userHeader.swift */ = {isa = PBXFileReference; fileEncoding = 4; lastKnownFileType = sourcecode.swift; path = view_userHeader.swift; sourceTree = "<group>"; };
		638DE60E1EF7B8080017DA72 /* view_userHeader.xib */ = {isa = PBXFileReference; fileEncoding = 4; lastKnownFileType = file.xib; path = view_userHeader.xib; sourceTree = "<group>"; };
		638DE6181EF7B87C0017DA72 /* user_infoVC.swift */ = {isa = PBXFileReference; fileEncoding = 4; lastKnownFileType = sourcecode.swift; path = user_infoVC.swift; sourceTree = "<group>"; };
		638F182A1EF1116C00A33412 /* CCellHomeHeader.swift */ = {isa = PBXFileReference; fileEncoding = 4; lastKnownFileType = sourcecode.swift; path = CCellHomeHeader.swift; sourceTree = "<group>"; };
		638F182B1EF1116C00A33412 /* CCellHomeHeader.xib */ = {isa = PBXFileReference; fileEncoding = 4; lastKnownFileType = file.xib; path = CCellHomeHeader.xib; sourceTree = "<group>"; };
		638F182C1EF1116C00A33412 /* Home_RootVC.swift */ = {isa = PBXFileReference; fileEncoding = 4; lastKnownFileType = sourcecode.swift; path = Home_RootVC.swift; sourceTree = "<group>"; };
		638F182D1EF1116C00A33412 /* HomeHeaderV.swift */ = {isa = PBXFileReference; fileEncoding = 4; lastKnownFileType = sourcecode.swift; path = HomeHeaderV.swift; sourceTree = "<group>"; };
		638F182E1EF1116C00A33412 /* TCell_Footer.swift */ = {isa = PBXFileReference; fileEncoding = 4; lastKnownFileType = sourcecode.swift; path = TCell_Footer.swift; sourceTree = "<group>"; };
		638F182F1EF1116C00A33412 /* TCell_Footer.xib */ = {isa = PBXFileReference; fileEncoding = 4; lastKnownFileType = file.xib; path = TCell_Footer.xib; sourceTree = "<group>"; };
		638F18301EF1116C00A33412 /* TCellHomeActivities.swift */ = {isa = PBXFileReference; fileEncoding = 4; lastKnownFileType = sourcecode.swift; path = TCellHomeActivities.swift; sourceTree = "<group>"; };
		638F18311EF1116C00A33412 /* TCellHomeActivities.xib */ = {isa = PBXFileReference; fileEncoding = 4; lastKnownFileType = file.xib; path = TCellHomeActivities.xib; sourceTree = "<group>"; };
		638F183B1EF111DD00A33412 /* CCell_pinPai.swift */ = {isa = PBXFileReference; fileEncoding = 4; lastKnownFileType = sourcecode.swift; path = CCell_pinPai.swift; sourceTree = "<group>"; };
		638F183C1EF111DD00A33412 /* CCell_pinPai.xib */ = {isa = PBXFileReference; fileEncoding = 4; lastKnownFileType = file.xib; path = CCell_pinPai.xib; sourceTree = "<group>"; };
		638F183D1EF111DD00A33412 /* home_pinPaiVC.swift */ = {isa = PBXFileReference; fileEncoding = 4; lastKnownFileType = sourcecode.swift; path = home_pinPaiVC.swift; sourceTree = "<group>"; };
		638F184A1EF1133400A33412 /* Home_pActivity.swift */ = {isa = PBXFileReference; fileEncoding = 4; lastKnownFileType = sourcecode.swift; path = Home_pActivity.swift; sourceTree = "<group>"; };
		638F184E1EF1135500A33412 /* Home_pParking.swift */ = {isa = PBXFileReference; fileEncoding = 4; lastKnownFileType = sourcecode.swift; path = Home_pParking.swift; sourceTree = "<group>"; };
		638F18501EF1136700A33412 /* Home_pMusic.swift */ = {isa = PBXFileReference; fileEncoding = 4; lastKnownFileType = sourcecode.swift; path = Home_pMusic.swift; sourceTree = "<group>"; };
		638F18521EF1137D00A33412 /* Home_pVip.swift */ = {isa = PBXFileReference; fileEncoding = 4; lastKnownFileType = sourcecode.swift; path = Home_pVip.swift; sourceTree = "<group>"; };
		638F18541EF1138F00A33412 /* Home_pMore.swift */ = {isa = PBXFileReference; fileEncoding = 4; lastKnownFileType = sourcecode.swift; path = Home_pMore.swift; sourceTree = "<group>"; };
		638F18561EF113CA00A33412 /* Home_pHuashi.swift */ = {isa = PBXFileReference; fileEncoding = 4; lastKnownFileType = sourcecode.swift; path = Home_pHuashi.swift; sourceTree = "<group>"; };
		638F18581EF114C700A33412 /* BaseTabHiden.swift */ = {isa = PBXFileReference; fileEncoding = 4; lastKnownFileType = sourcecode.swift; path = BaseTabHiden.swift; sourceTree = "<group>"; };
		638F185A1EF1198300A33412 /* IBTabC.swift */ = {isa = PBXFileReference; fileEncoding = 4; lastKnownFileType = sourcecode.swift; path = IBTabC.swift; sourceTree = "<group>"; };
		63AF0E5A1EF3D5B100642DB7 /* BanShengYuan-Bridging-Header.h */ = {isa = PBXFileReference; lastKnownFileType = sourcecode.c.h; path = "BanShengYuan-Bridging-Header.h"; sourceTree = "<group>"; };
		63AF0E5E1EF3DC9100642DB7 /* IBHUD.swift */ = {isa = PBXFileReference; fileEncoding = 4; lastKnownFileType = sourcecode.swift; path = IBHUD.swift; sourceTree = "<group>"; };
		63D7872A1F03B41400937135 /* IBCollectionViewFlowLayout.swift */ = {isa = PBXFileReference; fileEncoding = 4; lastKnownFileType = sourcecode.swift; path = IBCollectionViewFlowLayout.swift; sourceTree = "<group>"; };
		63EC60381EF10DAB001F56D8 /* Base */ = {isa = PBXFileReference; lastKnownFileType = file.storyboard; name = Base; path = Base.lproj/NextPages_FromHome.storyboard; sourceTree = "<group>"; };
/* End PBXFileReference section */

/* Begin PBXFrameworksBuildPhase section */
		638536271EE7A1F800DB7BA1 /* Frameworks */ = {
			isa = PBXFrameworksBuildPhase;
			buildActionMask = 2147483647;
			files = (
				6353810A1EE8FE05006C0375 /* CoreGraphics.framework in Frameworks */,
				635381081EE8FDFD006C0375 /* QuartzCore.framework in Frameworks */,
				88F9197225FFA7C0201230C0 /* Pods_BanShengYuan.framework in Frameworks */,
			);
			runOnlyForDeploymentPostprocessing = 0;
		};
/* End PBXFrameworksBuildPhase section */

/* Begin PBXGroup section */
		3DA09152760784B8EEB1AC7A /* Frameworks */ = {
			isa = PBXGroup;
			children = (
				636170241F0105DC00EB8A26 /* Alamofire.framework */,
				635381091EE8FE05006C0375 /* CoreGraphics.framework */,
				635381071EE8FDFD006C0375 /* QuartzCore.framework */,
				4AAF75A0826C20B886A2998A /* Pods_BanShengYuan.framework */,
			);
			name = Frameworks;
			sourceTree = "<group>";
		};
		3DC082737194BD4C8E7E96F6 /* Pods */ = {
			isa = PBXGroup;
			children = (
				0A84C5F4F53F71BED1098F95 /* Pods-BanShengYuan.debug.xcconfig */,
				0DF03F0D152022F36A26F6B4 /* Pods-BanShengYuan.release.xcconfig */,
			);
			name = Pods;
			sourceTree = "<group>";
		};
		63020C211EFCB070003F8199 /* CitySource */ = {
			isa = PBXGroup;
			children = (
				63020C221EFCB070003F8199 /* AddressCityPickerView.swift */,
				63020C231EFCB070003F8199 /* citydatacoding.plist */,
				63020C241EFCB070003F8199 /* ProvinceModel.swift */,
			);
			path = CitySource;
			sourceTree = "<group>";
		};
		63020C321EFD0236003F8199 /* User_1orderVC */ = {
			isa = PBXGroup;
			children = (
				6361C65D1F0CFA0600E0D405 /* orderDetail */,
				6361C6381F0CDE0600E0D405 /* orderList */,
			);
			path = User_1orderVC;
			sourceTree = "<group>";
		};
		63020C3F1EFD079E003F8199 /* Models */ = {
			isa = PBXGroup;
			children = (
				63020C401EFD0934003F8199 /* ModelUserInfo.swift */,
			);
			path = Models;
			sourceTree = "<group>";
		};
		633D59B41F0E519D0068B351 /* User_2addressVC */ = {
			isa = PBXGroup;
			children = (
				633D59B51F0E519D0068B351 /* Models */,
				633D59B71F0E519D0068B351 /* TCell_userAddress.swift */,
				633D59B81F0E519D0068B351 /* TCell_userAddress.xib */,
				633D59B91F0E519D0068B351 /* user_addressAddVC.swift */,
				633D59BA1F0E519D0068B351 /* user_AddressVC.swift */,
			);
			path = User_2addressVC;
			sourceTree = "<group>";
		};
		633D59B51F0E519D0068B351 /* Models */ = {
			isa = PBXGroup;
			children = (
				633D59B61F0E519D0068B351 /* ModelAddress.swift */,
			);
			path = Models;
			sourceTree = "<group>";
		};
		634F63EE1F0E172A00DE4B92 /* NetFiles */ = {
			isa = PBXGroup;
			children = (
				634F63EF1F0E172A00DE4B92 /* API.swift */,
				634F63F31F0E172A00DE4B92 /* ViewModel.swift */,
				634F63F01F0E172A00DE4B92 /* Observable+ObjectMapper.swift */,
				634F63F11F0E172A00DE4B92 /* shopAPI.swift */,
				634F63F21F0E172A00DE4B92 /* shopModel.swift */,
				634F63F41F0E172A00DE4B92 /* vipAPI.swift */,
				634F63F51F0E172A00DE4B92 /* vipModel.swift */,
				630BCFF11F13256500E68C34 /* orderAPI.swift */,
				630BCFF31F13257E00E68C34 /* orderModel.swift */,
			);
			path = NetFiles;
			sourceTree = "<group>";
		};
		634F63F61F0E172A00DE4B92 /* NetModels */ = {
			isa = PBXGroup;
			children = (
				634F63F71F0E172A00DE4B92 /* ModelAddressPost.swift */,
				634F63F81F0E172A00DE4B92 /* ModelBack.swift */,
				634F63F91F0E172A00DE4B92 /* ModelLoginPost.swift */,
				634F63FA1F0E172A00DE4B92 /* ModelShop.swift */,
				634F63FB1F0E172A00DE4B92 /* ModelUserPost.swift */,
				634F63FC1F0E172A00DE4B92 /* ModelVIPPost.swift */,
				631BF39C1F132CA000589FB0 /* ModelOrder.swift */,
			);
			path = NetModels;
			sourceTree = "<group>";
		};
		634F63FD1F0E172A00DE4B92 /* Netqiniu */ = {
			isa = PBXGroup;
			children = (
				634F63FE1F0E172A00DE4B92 /* qiniu.swift */,
			);
			path = Netqiniu;
			sourceTree = "<group>";
		};
		635380D31EE8FC41006C0375 /* BaseFiles */ = {
			isa = PBXGroup;
			children = (
				6385362D1EE7A1F800DB7BA1 /* AppDelegate.swift */,
				6385362F1EE7A1F800DB7BA1 /* ViewController.swift */,
				638536371EE7A1F800DB7BA1 /* Assets.xcassets */,
				638536391EE7A1F800DB7BA1 /* LaunchScreen.storyboard */,
				6385363C1EE7A1F800DB7BA1 /* Info.plist */,
				638536341EE7A1F800DB7BA1 /* BanShengYuan.xcdatamodeld */,
			);
			name = BaseFiles;
			sourceTree = "<group>";
		};
		635380D41EE8FD59006C0375 /* ThirdSource */ = {
			isa = PBXGroup;
			children = (
				63020C211EFCB070003F8199 /* CitySource */,
				63AF0E521EF3D1B400642DB7 /* MBProgressHUD */,
				635D84021EF286AE007A2C05 /* Reflect */,
				635D83E31EF22B72007A2C05 /* INOScrollView */,
				635D83E11EF226BA007A2C05 /* XHAdLoopView.swift */,
			);
			path = ThirdSource;
			sourceTree = "<group>";
		};
		63559AA71EFA0E93003FC6E5 /* Extention */ = {
			isa = PBXGroup;
			children = (
				63559AA81EFA0EC2003FC6E5 /* Views.swift */,
				63559AAA1EFA0ECB003FC6E5 /* Datas.swift */,
				63559AAC1EFA0ED8003FC6E5 /* Dates.swift */,
				63559AAE1EFA1BE9003FC6E5 /* Strings.swift */,
				63559AB21EFA5639003FC6E5 /* Colors.swift */,
				63D7872A1F03B41400937135 /* IBCollectionViewFlowLayout.swift */,
			);
			path = Extention;
			sourceTree = "<group>";
		};
		635D83E31EF22B72007A2C05 /* INOScrollView */ = {
			isa = PBXGroup;
			children = (
				635D83E41EF22B72007A2C05 /* INOScrollView.swift */,
				635D83E51EF22B72007A2C05 /* INOScrollViewCell.swift */,
			);
			path = INOScrollView;
			sourceTree = "<group>";
		};
		635D84021EF286AE007A2C05 /* Reflect */ = {
			isa = PBXGroup;
			children = (
				635D84031EF286AE007A2C05 /* Coding */,
				635D84051EF286AE007A2C05 /* Dict2Model */,
				635D84071EF286AE007A2C05 /* Model2Dict */,
				635D84091EF286AE007A2C05 /* Reflect */,
				635D840E1EF286AE007A2C05 /* Reflect.swift */,
			);
			path = Reflect;
			sourceTree = "<group>";
		};
		635D84031EF286AE007A2C05 /* Coding */ = {
			isa = PBXGroup;
			children = (
				635D84041EF286AE007A2C05 /* Reflect+ArcFile.swift */,
			);
			path = Coding;
			sourceTree = "<group>";
		};
		635D84051EF286AE007A2C05 /* Dict2Model */ = {
			isa = PBXGroup;
			children = (
				635D84061EF286AE007A2C05 /* Reflect+Parse.swift */,
			);
			path = Dict2Model;
			sourceTree = "<group>";
		};
		635D84071EF286AE007A2C05 /* Model2Dict */ = {
			isa = PBXGroup;
			children = (
				635D84081EF286AE007A2C05 /* Reflect+Convert.swift */,
			);
			path = Model2Dict;
			sourceTree = "<group>";
		};
		635D84091EF286AE007A2C05 /* Reflect */ = {
			isa = PBXGroup;
			children = (
				635D840A1EF286AE007A2C05 /* Reflect+Class.swift */,
				635D840B1EF286AE007A2C05 /* Reflect+Other.swift */,
				635D840C1EF286AE007A2C05 /* Reflect+Property.swift */,
				635D840D1EF286AE007A2C05 /* Reflect+Type.swift */,
			);
			path = Reflect;
			sourceTree = "<group>";
		};
		6361700E1F00A7FD00EB8A26 /* NetWork */ = {
			isa = PBXGroup;
			children = (
				634F63EE1F0E172A00DE4B92 /* NetFiles */,
				634F63F61F0E172A00DE4B92 /* NetModels */,
				634F63FD1F0E172A00DE4B92 /* Netqiniu */,
			);
			path = NetWork;
			sourceTree = "<group>";
		};
		6361C6381F0CDE0600E0D405 /* orderList */ = {
			isa = PBXGroup;
			children = (
				6361C6391F0CDE0600E0D405 /* TCell_UserOrder.swift */,
				6361C63A1F0CDE0600E0D405 /* TCell_UserOrder.xib */,
				6361C63B1F0CDE0600E0D405 /* user_OrderVC.swift */,
				6361C63C1F0CDE0600E0D405 /* view_orderFooter.swift */,
				6361C63D1F0CDE0600E0D405 /* view_orderFooter.xib */,
				6361C63E1F0CDE0600E0D405 /* view_orderHeader.swift */,
				6361C63F1F0CDE0600E0D405 /* view_orderHeader.xib */,
			);
			path = orderList;
			sourceTree = "<group>";
		};
		6361C65D1F0CFA0600E0D405 /* orderDetail */ = {
			isa = PBXGroup;
			children = (
				6361C65E1F0CFA0600E0D405 /* OrderDetailVC.swift */,
				6361C65F1F0CFA0600E0D405 /* TCellOrderGoods.swift */,
				6361C6601F0CFA0600E0D405 /* TCellOrderGoods.xib */,
				6361C6611F0CFA0600E0D405 /* TCellOrderInfo.swift */,
				6361C6621F0CFA0600E0D405 /* TCellOrderInfo.xib */,
				6361C6631F0CFA0600E0D405 /* TCellPostInfo.swift */,
				6361C6641F0CFA0600E0D405 /* TCellPostInfo.xib */,
				6361C6651F0CFA0600E0D405 /* view_orderEndHeader.xib */,
				6361C6661F0CFA0600E0D405 /* view_orderEndFooter.swift */,
				6361C6671F0CFA0600E0D405 /* view_orderEndFooter.xib */,
				6361C6681F0CFA0600E0D405 /* view_orderEndHeader.swift */,
			);
			path = orderDetail;
			sourceTree = "<group>";
		};
		63657D971EE7CE5900DA24F4 /* MainCode */ = {
			isa = PBXGroup;
			children = (
				6361700E1F00A7FD00EB8A26 /* NetWork */,
				63559AA71EFA0E93003FC6E5 /* Extention */,
				635380D41EE8FD59006C0375 /* ThirdSource */,
				63657DA31EE7D00800DA24F4 /* ConstSource */,
				63657D981EE7CE5900DA24F4 /* LoginControllers */,
				63657D9A1EE7CE5900DA24F4 /* MainControllers */,
				63657D9F1EE7CE5900DA24F4 /* Media.xcassets */,
				630F3E8D1F0F68740073884D /* PIC.png */,
				635380D11EE8E52A006C0375 /* Source.bundle */,
			);
			path = MainCode;
			sourceTree = "<group>";
		};
		63657D981EE7CE5900DA24F4 /* LoginControllers */ = {
			isa = PBXGroup;
			children = (
				634463981F04A62D000085E7 /* login.png */,
				63559AB01EFA48C2003FC6E5 /* LoginNaviC.swift */,
				63657D991EE7CE5900DA24F4 /* Login_RootVC.swift */,
				63657DA61EE7F51800DA24F4 /* GuideView.swift */,
				6353810C1EE93266006C0375 /* RegistVC.swift */,
				6353810E1EE93EA5006C0375 /* getResetCodeVC.swift */,
				635381101EE93EC8006C0375 /* resetPwdVC.swift */,
			);
			path = LoginControllers;
			sourceTree = "<group>";
		};
		63657D9A1EE7CE5900DA24F4 /* MainControllers */ = {
			isa = PBXGroup;
			children = (
				63657D9B1EE7CE5900DA24F4 /* Tab_1_Home */,
				63657D9D1EE7CE5900DA24F4 /* Tab_2_Activitys */,
				63657D9E1EE7CE5900DA24F4 /* Tab_3_UserCenter */,
				638F185A1EF1198300A33412 /* IBTabC.swift */,
			);
			path = MainControllers;
			sourceTree = "<group>";
		};
		63657D9B1EE7CE5900DA24F4 /* Tab_1_Home */ = {
			isa = PBXGroup;
			children = (
				63559AB41EFA6D4F003FC6E5 /* HomeNaviC.swift */,
				638F18291EF1116C00A33412 /* Home_All */,
				638F183A1EF111DD00A33412 /* Home_1PinPai */,
				638F183E1EF111DD00A33412 /* Home_2Activity */,
				638F183F1EF111DD00A33412 /* Home_3Shanghu */,
				638F18401EF111DD00A33412 /* Home_4Parking */,
				638F18411EF111DD00A33412 /* Home_5moMenMusic */,
				638F18421EF111DD00A33412 /* Home_6huaShi */,
				638F18441EF111DD00A33412 /* Home_7VIPIntegral */,
				638F18451EF111DD00A33412 /* Home_8More */,
			);
			path = Tab_1_Home;
			sourceTree = "<group>";
		};
		63657D9D1EE7CE5900DA24F4 /* Tab_2_Activitys */ = {
			isa = PBXGroup;
			children = (
				63559AB61EFA6D6E003FC6E5 /* ActivityNaviC.swift */,
				6386466A1EEA398F0077C6A0 /* Activity_RootVC.swift */,
				638646701EEAAC420077C6A0 /* TCellActivity.swift */,
				638646711EEAAC420077C6A0 /* TCellActivity.xib */,
				6321237A1F0B3D6000DA9B5C /* activityDetailVC.swift */,
			);
			path = Tab_2_Activitys;
			sourceTree = "<group>";
		};
		63657D9E1EE7CE5900DA24F4 /* Tab_3_UserCenter */ = {
			isa = PBXGroup;
			children = (
				63559AB81EFA6D7F003FC6E5 /* UserCenterNaviC.swift */,
				638DE6091EF7B8080017DA72 /* User_Home */,
				63020C321EFD0236003F8199 /* User_1orderVC */,
				633D59B41F0E519D0068B351 /* User_2addressVC */,
				638DE6081EF7B8080017DA72 /* User_3infoVC */,
			);
			path = Tab_3_UserCenter;
			sourceTree = "<group>";
		};
		63657DA31EE7D00800DA24F4 /* ConstSource */ = {
			isa = PBXGroup;
			children = (
				638DE5F91EF76BEF0017DA72 /* demo.gif */,
				63657DA41EE7D03200DA24F4 /* Const.swift */,
				63AF0E5E1EF3DC9100642DB7 /* IBHUD.swift */,
				638F18581EF114C700A33412 /* BaseTabHiden.swift */,
			);
			path = ConstSource;
			sourceTree = "<group>";
		};
		636635E91F05047E0060E7D4 /* GoodsDetail */ = {
			isa = PBXGroup;
			children = (
				636635EA1F05047E0060E7D4 /* chooseVC.swift */,
				630E7D1C1F0BB3CB00A5F86A /* CCellChooseCover.swift */,
				630E7D1D1F0BB3CB00A5F86A /* CCellChooseCover.xib */,
				634F63D81F0E0A0C00DE4B92 /* CCellChooseVCHeader.swift */,
				634F63D91F0E0A0C00DE4B92 /* CCellChooseVCHeader.xib */,
				636635EB1F05047E0060E7D4 /* detail.jpg */,
				636635EC1F05047E0060E7D4 /* GoodsDetailVC.swift */,
				636635ED1F05047E0060E7D4 /* paris.jpg */,
				636635EE1F05047E0060E7D4 /* TCellGoodsImage.swift */,
				636635EF1F05047E0060E7D4 /* TCellGoodsImage.xib */,
				636635F01F05047E0060E7D4 /* TCellGoodsinfo.swift */,
				636635F11F05047E0060E7D4 /* TCellGoodsinfo.xib */,
			);
			path = GoodsDetail;
			sourceTree = "<group>";
		};
		636635F21F05047E0060E7D4 /* pay */ = {
			isa = PBXGroup;
			children = (
				636635F31F05047E0060E7D4 /* GoodsPayVC.swift */,
				636636111F05057C0060E7D4 /* View_payHeader.swift */,
				636636131F05058C0060E7D4 /* View_payHeader.xib */,
				636636151F05059D0060E7D4 /* View_payFooter.swift */,
				636636171F0505A90060E7D4 /* View_payFooter.xib */,
			);
			path = pay;
			sourceTree = "<group>";
		};
		636635F41F05047E0060E7D4 /* shanghu */ = {
			isa = PBXGroup;
			children = (
				636635F51F05047E0060E7D4 /* Home_pShanghu.swift */,
				636635F61F05047E0060E7D4 /* TCellshanghu.swift */,
				636635F71F05047E0060E7D4 /* TCellshanghu.xib */,
				636635F81F05047E0060E7D4 /* view_shanghuHeader.swift */,
			);
			path = shanghu;
			sourceTree = "<group>";
		};
		636635F91F05047E0060E7D4 /* shanghuDetail */ = {
			isa = PBXGroup;
			children = (
				636635FE1F05047E0060E7D4 /* shangHu_DetailVC.swift */,
				636635FA1F05047E0060E7D4 /* CCell_shhuDetail.swift */,
				636635FB1F05047E0060E7D4 /* CCell_shhuDetail.xib */,
				636635FC1F05047E0060E7D4 /* CCell_shhuDetailHeader.swift */,
				636635FD1F05047E0060E7D4 /* CCell_shhuDetailHeader.xib */,
			);
			path = shanghuDetail;
			sourceTree = "<group>";
		};
		638536211EE7A1F800DB7BA1 = {
			isa = PBXGroup;
			children = (
				6385362C1EE7A1F800DB7BA1 /* BanShengYuan */,
				6385362B1EE7A1F800DB7BA1 /* Products */,
				3DC082737194BD4C8E7E96F6 /* Pods */,
				3DA09152760784B8EEB1AC7A /* Frameworks */,
			);
			sourceTree = "<group>";
		};
		6385362B1EE7A1F800DB7BA1 /* Products */ = {
			isa = PBXGroup;
			children = (
				6385362A1EE7A1F800DB7BA1 /* BanShengYuan.app */,
			);
			name = Products;
			sourceTree = "<group>";
		};
		6385362C1EE7A1F800DB7BA1 /* BanShengYuan */ = {
			isa = PBXGroup;
			children = (
				635380D31EE8FC41006C0375 /* BaseFiles */,
				63EC60331EF10CB6001F56D8 /* StoryBoards */,
				63657D971EE7CE5900DA24F4 /* MainCode */,
			);
			path = BanShengYuan;
			sourceTree = "<group>";
		};
		638DE6081EF7B8080017DA72 /* User_3infoVC */ = {
			isa = PBXGroup;
			children = (
				63020C3F1EFD079E003F8199 /* Models */,
				638DE6181EF7B87C0017DA72 /* user_infoVC.swift */,
				6362C01F1EF9172100B22CE5 /* TCell_infoHeader.swift */,
				6362C0201EF9172100B22CE5 /* TCell_infoHeader.xib */,
				6362C0251EF9174700B22CE5 /* TCell_info.swift */,
				6362C0261EF9174700B22CE5 /* TCell_info.xib */,
				635524DF1F01EFB90038AA1C /* info_NameVC.swift */,
				635524E11F01EFCD0038AA1C /* info_SexVC.swift */,
			);
			path = User_3infoVC;
			sourceTree = "<group>";
		};
		638DE6091EF7B8080017DA72 /* User_Home */ = {
			isa = PBXGroup;
			children = (
				6344639A1F04DE0F000085E7 /* Userbackground.png */,
				638DE60C1EF7B8080017DA72 /* UserCenter_RootVC.swift */,
				638DE60A1EF7B8080017DA72 /* TCell_User.swift */,
				638DE60B1EF7B8080017DA72 /* TCell_User.xib */,
				638DE60D1EF7B8080017DA72 /* view_userHeader.swift */,
				638DE60E1EF7B8080017DA72 /* view_userHeader.xib */,
			);
			path = User_Home;
			sourceTree = "<group>";
		};
		638F18291EF1116C00A33412 /* Home_All */ = {
			isa = PBXGroup;
			children = (
				638F182C1EF1116C00A33412 /* Home_RootVC.swift */,
				638F182A1EF1116C00A33412 /* CCellHomeHeader.swift */,
				638F182B1EF1116C00A33412 /* CCellHomeHeader.xib */,
				638F182D1EF1116C00A33412 /* HomeHeaderV.swift */,
				638F182E1EF1116C00A33412 /* TCell_Footer.swift */,
				638F182F1EF1116C00A33412 /* TCell_Footer.xib */,
				638F18301EF1116C00A33412 /* TCellHomeActivities.swift */,
				638F18311EF1116C00A33412 /* TCellHomeActivities.xib */,
			);
			path = Home_All;
			sourceTree = "<group>";
		};
		638F183A1EF111DD00A33412 /* Home_1PinPai */ = {
			isa = PBXGroup;
			children = (
				638F183B1EF111DD00A33412 /* CCell_pinPai.swift */,
				638F183C1EF111DD00A33412 /* CCell_pinPai.xib */,
				638F183D1EF111DD00A33412 /* home_pinPaiVC.swift */,
			);
			path = Home_1PinPai;
			sourceTree = "<group>";
		};
		638F183E1EF111DD00A33412 /* Home_2Activity */ = {
			isa = PBXGroup;
			children = (
				638F184A1EF1133400A33412 /* Home_pActivity.swift */,
				634DE72A1EF381D200E44AFA /* TCell_pActivity.swift */,
				634DE72B1EF381D200E44AFA /* TCell_pActivity.xib */,
			);
			path = Home_2Activity;
			sourceTree = "<group>";
		};
		638F183F1EF111DD00A33412 /* Home_3Shanghu */ = {
			isa = PBXGroup;
			children = (
				636635E91F05047E0060E7D4 /* GoodsDetail */,
				636635F21F05047E0060E7D4 /* pay */,
				636635F41F05047E0060E7D4 /* shanghu */,
				636635F91F05047E0060E7D4 /* shanghuDetail */,
			);
			path = Home_3Shanghu;
			sourceTree = "<group>";
		};
		638F18401EF111DD00A33412 /* Home_4Parking */ = {
			isa = PBXGroup;
			children = (
				638F184E1EF1135500A33412 /* Home_pParking.swift */,
			);
			path = Home_4Parking;
			sourceTree = "<group>";
		};
		638F18411EF111DD00A33412 /* Home_5moMenMusic */ = {
			isa = PBXGroup;
			children = (
				638F18501EF1136700A33412 /* Home_pMusic.swift */,
			);
			path = Home_5moMenMusic;
			sourceTree = "<group>";
		};
		638F18421EF111DD00A33412 /* Home_6huaShi */ = {
			isa = PBXGroup;
			children = (
				638F18561EF113CA00A33412 /* Home_pHuashi.swift */,
			);
			path = Home_6huaShi;
			sourceTree = "<group>";
		};
		638F18441EF111DD00A33412 /* Home_7VIPIntegral */ = {
			isa = PBXGroup;
			children = (
				638F18521EF1137D00A33412 /* Home_pVip.swift */,
			);
			path = Home_7VIPIntegral;
			sourceTree = "<group>";
		};
		638F18451EF111DD00A33412 /* Home_8More */ = {
			isa = PBXGroup;
			children = (
				638F18541EF1138F00A33412 /* Home_pMore.swift */,
			);
			path = Home_8More;
			sourceTree = "<group>";
		};
		63AF0E521EF3D1B400642DB7 /* MBProgressHUD */ = {
			isa = PBXGroup;
			children = (
				63AF0E5A1EF3D5B100642DB7 /* BanShengYuan-Bridging-Header.h */,
			);
			path = MBProgressHUD;
			sourceTree = "<group>";
		};
		63EC60331EF10CB6001F56D8 /* StoryBoards */ = {
			isa = PBXGroup;
			children = (
				638536311EE7A1F800DB7BA1 /* Main.storyboard */,
				63657D941EE7CE3B00DA24F4 /* Login.storyboard */,
				63EC60371EF10DAB001F56D8 /* NextPages_FromHome.storyboard */,
				638DE6031EF7B7390017DA72 /* UserCenter.storyboard */,
				6321237C1F0B403A00DA9B5C /* NextPageActivity.storyboard */,
			);
			name = StoryBoards;
			sourceTree = "<group>";
		};
/* End PBXGroup section */

/* Begin PBXNativeTarget section */
		638536291EE7A1F800DB7BA1 /* BanShengYuan */ = {
			isa = PBXNativeTarget;
			buildConfigurationList = 6385363F1EE7A1F800DB7BA1 /* Build configuration list for PBXNativeTarget "BanShengYuan" */;
			buildPhases = (
				12144245E40650617B600C45 /* [CP] Check Pods Manifest.lock */,
				638536261EE7A1F800DB7BA1 /* Sources */,
				638536271EE7A1F800DB7BA1 /* Frameworks */,
				638536281EE7A1F800DB7BA1 /* Resources */,
				4E641BEA6905B780E4CBCFDC /* [CP] Embed Pods Frameworks */,
				B86C6974BB2118B521F3EF10 /* [CP] Copy Pods Resources */,
			);
			buildRules = (
			);
			dependencies = (
			);
			name = BanShengYuan;
			productName = BanShengYuan;
			productReference = 6385362A1EE7A1F800DB7BA1 /* BanShengYuan.app */;
			productType = "com.apple.product-type.application";
		};
/* End PBXNativeTarget section */

/* Begin PBXProject section */
		638536221EE7A1F800DB7BA1 /* Project object */ = {
			isa = PBXProject;
			attributes = {
				LastSwiftUpdateCheck = 0830;
				LastUpgradeCheck = 0830;
				ORGANIZATIONNAME = Luofei;
				TargetAttributes = {
					638536291EE7A1F800DB7BA1 = {
						CreatedOnToolsVersion = 8.3.2;
						DevelopmentTeam = BLJ7K274RB;
						LastSwiftMigration = 0830;
						ProvisioningStyle = Manual;
					};
				};
			};
			buildConfigurationList = 638536251EE7A1F800DB7BA1 /* Build configuration list for PBXProject "BanShengYuan" */;
			compatibilityVersion = "Xcode 3.2";
			developmentRegion = English;
			hasScannedForEncodings = 0;
			knownRegions = (
				en,
				Base,
			);
			mainGroup = 638536211EE7A1F800DB7BA1;
			productRefGroup = 6385362B1EE7A1F800DB7BA1 /* Products */;
			projectDirPath = "";
			projectRoot = "";
			targets = (
				638536291EE7A1F800DB7BA1 /* BanShengYuan */,
			);
		};
/* End PBXProject section */

/* Begin PBXResourcesBuildPhase section */
		638536281EE7A1F800DB7BA1 /* Resources */ = {
			isa = PBXResourcesBuildPhase;
			buildActionMask = 2147483647;
			files = (
				6361C66B1F0CFA0600E0D405 /* TCellOrderGoods.xib in Resources */,
				63657DA21EE7CE5900DA24F4 /* Media.xcassets in Resources */,
				636636041F05047E0060E7D4 /* TCellGoodsImage.xib in Resources */,
				636636181F0505A90060E7D4 /* View_payFooter.xib in Resources */,
				6361C6721F0CFA0600E0D405 /* view_orderEndFooter.xib in Resources */,
				634DE72D1EF381D200E44AFA /* TCell_pActivity.xib in Resources */,
				6366360A1F05047E0060E7D4 /* TCellshanghu.xib in Resources */,
				636636141F05058C0060E7D4 /* View_payHeader.xib in Resources */,
				638F18371EF1116C00A33412 /* TCell_Footer.xib in Resources */,
				6361C66F1F0CFA0600E0D405 /* TCellPostInfo.xib in Resources */,
				6362C0281EF9174700B22CE5 /* TCell_info.xib in Resources */,
				63020C261EFCB070003F8199 /* citydatacoding.plist in Resources */,
				6344639B1F04DE0F000085E7 /* Userbackground.png in Resources */,
				638DE6051EF7B7390017DA72 /* UserCenter.storyboard in Resources */,
				6385363B1EE7A1F800DB7BA1 /* LaunchScreen.storyboard in Resources */,
				638646731EEAAC420077C6A0 /* TCellActivity.xib in Resources */,
				636636001F05047E0060E7D4 /* detail.jpg in Resources */,
				6321237E1F0B403A00DA9B5C /* NextPageActivity.storyboard in Resources */,
				638DE5FA1EF76BEF0017DA72 /* demo.gif in Resources */,
				6361C66D1F0CFA0600E0D405 /* TCellOrderInfo.xib in Resources */,
				638F18471EF111DD00A33412 /* CCell_pinPai.xib in Resources */,
				636636021F05047E0060E7D4 /* paris.jpg in Resources */,
				634F63DB1F0E0A0C00DE4B92 /* CCellChooseVCHeader.xib in Resources */,
				638536381EE7A1F800DB7BA1 /* Assets.xcassets in Resources */,
				63657D961EE7CE3B00DA24F4 /* Login.storyboard in Resources */,
				6362C0221EF9172100B22CE5 /* TCell_infoHeader.xib in Resources */,
				638DE6131EF7B8080017DA72 /* view_userHeader.xib in Resources */,
				6361C6441F0CDE0600E0D405 /* view_orderFooter.xib in Resources */,
				638DE6101EF7B8080017DA72 /* TCell_User.xib in Resources */,
				6361C6701F0CFA0600E0D405 /* view_orderEndHeader.xib in Resources */,
				636636061F05047E0060E7D4 /* TCellGoodsinfo.xib in Resources */,
				6361C6461F0CDE0600E0D405 /* view_orderHeader.xib in Resources */,
				634463991F04A62E000085E7 /* login.png in Resources */,
				6366360F1F05047E0060E7D4 /* CCell_shhuDetailHeader.xib in Resources */,
				638F18391EF1116C00A33412 /* TCellHomeActivities.xib in Resources */,
				638536331EE7A1F800DB7BA1 /* Main.storyboard in Resources */,
				6361C6411F0CDE0600E0D405 /* TCell_UserOrder.xib in Resources */,
				630E7D1F1F0BB3CB00A5F86A /* CCellChooseCover.xib in Resources */,
				630F3E8E1F0F68740073884D /* PIC.png in Resources */,
				633D59BD1F0E519D0068B351 /* TCell_userAddress.xib in Resources */,
				638F18331EF1116C00A33412 /* CCellHomeHeader.xib in Resources */,
				635380D21EE8E52A006C0375 /* Source.bundle in Resources */,
				63EC60391EF10DAB001F56D8 /* NextPages_FromHome.storyboard in Resources */,
				6366360D1F05047E0060E7D4 /* CCell_shhuDetail.xib in Resources */,
			);
			runOnlyForDeploymentPostprocessing = 0;
		};
/* End PBXResourcesBuildPhase section */

/* Begin PBXShellScriptBuildPhase section */
		12144245E40650617B600C45 /* [CP] Check Pods Manifest.lock */ = {
			isa = PBXShellScriptBuildPhase;
			buildActionMask = 2147483647;
			files = (
			);
			inputPaths = (
			);
			name = "[CP] Check Pods Manifest.lock";
			outputPaths = (
			);
			runOnlyForDeploymentPostprocessing = 0;
			shellPath = /bin/sh;
			shellScript = "diff \"${PODS_PODFILE_DIR_PATH}/Podfile.lock\" \"${PODS_ROOT}/Manifest.lock\" > /dev/null\nif [ $? != 0 ] ; then\n    # print error to STDERR\n    echo \"error: The sandbox is not in sync with the Podfile.lock. Run 'pod install' or update your CocoaPods installation.\" >&2\n    exit 1\nfi\n";
			showEnvVarsInLog = 0;
		};
		4E641BEA6905B780E4CBCFDC /* [CP] Embed Pods Frameworks */ = {
			isa = PBXShellScriptBuildPhase;
			buildActionMask = 2147483647;
			files = (
			);
			inputPaths = (
			);
			name = "[CP] Embed Pods Frameworks";
			outputPaths = (
			);
			runOnlyForDeploymentPostprocessing = 0;
			shellPath = /bin/sh;
			shellScript = "\"${SRCROOT}/Pods/Target Support Files/Pods-BanShengYuan/Pods-BanShengYuan-frameworks.sh\"\n";
			showEnvVarsInLog = 0;
		};
		B86C6974BB2118B521F3EF10 /* [CP] Copy Pods Resources */ = {
			isa = PBXShellScriptBuildPhase;
			buildActionMask = 2147483647;
			files = (
			);
			inputPaths = (
			);
			name = "[CP] Copy Pods Resources";
			outputPaths = (
			);
			runOnlyForDeploymentPostprocessing = 0;
			shellPath = /bin/sh;
			shellScript = "\"${SRCROOT}/Pods/Target Support Files/Pods-BanShengYuan/Pods-BanShengYuan-resources.sh\"\n";
			showEnvVarsInLog = 0;
		};
/* End PBXShellScriptBuildPhase section */

/* Begin PBXSourcesBuildPhase section */
		638536261EE7A1F800DB7BA1 /* Sources */ = {
			isa = PBXSourcesBuildPhase;
			buildActionMask = 2147483647;
			files = (
				63020C411EFD0934003F8199 /* ModelUserInfo.swift in Sources */,
				638F185B1EF1198300A33412 /* IBTabC.swift in Sources */,
				63559AB91EFA6D7F003FC6E5 /* UserCenterNaviC.swift in Sources */,
				638F18591EF114C700A33412 /* BaseTabHiden.swift in Sources */,
				635524E01F01EFB90038AA1C /* info_NameVC.swift in Sources */,
				636636011F05047E0060E7D4 /* GoodsDetailVC.swift in Sources */,
				63559AAB1EFA0ECB003FC6E5 /* Datas.swift in Sources */,
				6353810D1EE93266006C0375 /* RegistVC.swift in Sources */,
				6361C6711F0CFA0600E0D405 /* view_orderEndFooter.swift in Sources */,
				638F18571EF113CA00A33412 /* Home_pHuashi.swift in Sources */,
				6361C6421F0CDE0600E0D405 /* user_OrderVC.swift in Sources */,
				634F640C1F0E172A00DE4B92 /* qiniu.swift in Sources */,
				638536301EE7A1F800DB7BA1 /* ViewController.swift in Sources */,
				635D84111EF286AE007A2C05 /* Reflect+Convert.swift in Sources */,
				638F18481EF111DD00A33412 /* home_pinPaiVC.swift in Sources */,
				6353810F1EE93EA5006C0375 /* getResetCodeVC.swift in Sources */,
				6361C6451F0CDE0600E0D405 /* view_orderHeader.swift in Sources */,
				6361C6401F0CDE0600E0D405 /* TCell_UserOrder.swift in Sources */,
				633D59BC1F0E519D0068B351 /* TCell_userAddress.swift in Sources */,
				634F640B1F0E172A00DE4B92 /* ModelVIPPost.swift in Sources */,
				633D59BF1F0E519D0068B351 /* user_AddressVC.swift in Sources */,
				634F63DA1F0E0A0C00DE4B92 /* CCellChooseVCHeader.swift in Sources */,
				636636091F05047E0060E7D4 /* TCellshanghu.swift in Sources */,
				634F64001F0E172A00DE4B92 /* Observable+ObjectMapper.swift in Sources */,
				63559AA91EFA0EC2003FC6E5 /* Views.swift in Sources */,
				6361C66E1F0CFA0600E0D405 /* TCellPostInfo.swift in Sources */,
				6361C6731F0CFA0600E0D405 /* view_orderEndHeader.swift in Sources */,
				63020C251EFCB070003F8199 /* AddressCityPickerView.swift in Sources */,
				638F18551EF1138F00A33412 /* Home_pMore.swift in Sources */,
				636636031F05047E0060E7D4 /* TCellGoodsImage.swift in Sources */,
				63559AAD1EFA0ED8003FC6E5 /* Dates.swift in Sources */,
				638F18511EF1136700A33412 /* Home_pMusic.swift in Sources */,
				635524E21F01EFCD0038AA1C /* info_SexVC.swift in Sources */,
				634F64031F0E172A00DE4B92 /* ViewModel.swift in Sources */,
				63020C271EFCB070003F8199 /* ProvinceModel.swift in Sources */,
				635D83E21EF226BA007A2C05 /* XHAdLoopView.swift in Sources */,
				638F18531EF1137D00A33412 /* Home_pVip.swift in Sources */,
				638F184F1EF1135500A33412 /* Home_pParking.swift in Sources */,
				6362C0271EF9174700B22CE5 /* TCell_info.swift in Sources */,
				634F63FF1F0E172A00DE4B92 /* API.swift in Sources */,
				636636121F05057C0060E7D4 /* View_payHeader.swift in Sources */,
				6361C66C1F0CFA0600E0D405 /* TCellOrderInfo.swift in Sources */,
				634F64011F0E172A00DE4B92 /* shopAPI.swift in Sources */,
				634F640A1F0E172A00DE4B92 /* ModelUserPost.swift in Sources */,
				6386466B1EEA398F0077C6A0 /* Activity_RootVC.swift in Sources */,
				63559AB51EFA6D4F003FC6E5 /* HomeNaviC.swift in Sources */,
				638DE6111EF7B8080017DA72 /* UserCenter_RootVC.swift in Sources */,
				633D59BE1F0E519D0068B351 /* user_addressAddVC.swift in Sources */,
				63559AB31EFA5639003FC6E5 /* Colors.swift in Sources */,
				6385362E1EE7A1F800DB7BA1 /* AppDelegate.swift in Sources */,
				634F64091F0E172A00DE4B92 /* ModelShop.swift in Sources */,
				638F184B1EF1133400A33412 /* Home_pActivity.swift in Sources */,
				636636081F05047E0060E7D4 /* Home_pShanghu.swift in Sources */,
				6361C6691F0CFA0600E0D405 /* OrderDetailVC.swift in Sources */,
				636636101F05047E0060E7D4 /* shangHu_DetailVC.swift in Sources */,
				636636161F05059D0060E7D4 /* View_payFooter.swift in Sources */,
				6366360B1F05047E0060E7D4 /* view_shanghuHeader.swift in Sources */,
				638DE6121EF7B8080017DA72 /* view_userHeader.swift in Sources */,
				635D83E61EF22B72007A2C05 /* INOScrollView.swift in Sources */,
				63AF0E5F1EF3DC9100642DB7 /* IBHUD.swift in Sources */,
				635D84161EF286AE007A2C05 /* Reflect.swift in Sources */,
				638646721EEAAC420077C6A0 /* TCellActivity.swift in Sources */,
				635D84121EF286AE007A2C05 /* Reflect+Class.swift in Sources */,
				638F18351EF1116C00A33412 /* HomeHeaderV.swift in Sources */,
				638DE60F1EF7B8080017DA72 /* TCell_User.swift in Sources */,
				634F64061F0E172A00DE4B92 /* ModelAddressPost.swift in Sources */,
				634F64021F0E172A00DE4B92 /* shopModel.swift in Sources */,
				638DE6191EF7B87C0017DA72 /* user_infoVC.swift in Sources */,
				634DE72C1EF381D200E44AFA /* TCell_pActivity.swift in Sources */,
				63559AB71EFA6D6E003FC6E5 /* ActivityNaviC.swift in Sources */,
				6366360E1F05047E0060E7D4 /* CCell_shhuDetailHeader.swift in Sources */,
				634F64081F0E172A00DE4B92 /* ModelLoginPost.swift in Sources */,
				6361C6431F0CDE0600E0D405 /* view_orderFooter.swift in Sources */,
				6321237B1F0B3D6000DA9B5C /* activityDetailVC.swift in Sources */,
				63657DA01EE7CE5900DA24F4 /* Login_RootVC.swift in Sources */,
				635381111EE93EC8006C0375 /* resetPwdVC.swift in Sources */,
				630BCFF41F13257E00E68C34 /* orderModel.swift in Sources */,
				636636051F05047E0060E7D4 /* TCellGoodsinfo.swift in Sources */,
				6362C0211EF9172100B22CE5 /* TCell_infoHeader.swift in Sources */,
				63657DA71EE7F51800DA24F4 /* GuideView.swift in Sources */,
				636636071F05047E0060E7D4 /* GoodsPayVC.swift in Sources */,
				635D84101EF286AE007A2C05 /* Reflect+Parse.swift in Sources */,
				638F18321EF1116C00A33412 /* CCellHomeHeader.swift in Sources */,
				638F18461EF111DD00A33412 /* CCell_pinPai.swift in Sources */,
				6366360C1F05047E0060E7D4 /* CCell_shhuDetail.swift in Sources */,
				638F18381EF1116C00A33412 /* TCellHomeActivities.swift in Sources */,
				634F64071F0E172A00DE4B92 /* ModelBack.swift in Sources */,
				630BCFF21F13256500E68C34 /* orderAPI.swift in Sources */,
				634F64041F0E172A00DE4B92 /* vipAPI.swift in Sources */,
				638536361EE7A1F800DB7BA1 /* BanShengYuan.xcdatamodeld in Sources */,
				633D59BB1F0E519D0068B351 /* ModelAddress.swift in Sources */,
				63D7872B1F03B41400937135 /* IBCollectionViewFlowLayout.swift in Sources */,
				63559AB11EFA48C2003FC6E5 /* LoginNaviC.swift in Sources */,
				635D84151EF286AE007A2C05 /* Reflect+Type.swift in Sources */,
				63657DA51EE7D03200DA24F4 /* Const.swift in Sources */,
				630E7D1E1F0BB3CB00A5F86A /* CCellChooseCover.swift in Sources */,
				6361C66A1F0CFA0600E0D405 /* TCellOrderGoods.swift in Sources */,
				636635FF1F05047E0060E7D4 /* chooseVC.swift in Sources */,
				631BF39D1F132CA000589FB0 /* ModelOrder.swift in Sources */,
				634F64051F0E172A00DE4B92 /* vipModel.swift in Sources */,
				63559AAF1EFA1BE9003FC6E5 /* Strings.swift in Sources */,
				635D83E71EF22B72007A2C05 /* INOScrollViewCell.swift in Sources */,
				638F18341EF1116C00A33412 /* Home_RootVC.swift in Sources */,
				635D840F1EF286AE007A2C05 /* Reflect+ArcFile.swift in Sources */,
				635D84131EF286AE007A2C05 /* Reflect+Other.swift in Sources */,
				638F18361EF1116C00A33412 /* TCell_Footer.swift in Sources */,
				635D84141EF286AE007A2C05 /* Reflect+Property.swift in Sources */,
			);
			runOnlyForDeploymentPostprocessing = 0;
		};
/* End PBXSourcesBuildPhase section */

/* Begin PBXVariantGroup section */
		6321237C1F0B403A00DA9B5C /* NextPageActivity.storyboard */ = {
			isa = PBXVariantGroup;
			children = (
				6321237D1F0B403A00DA9B5C /* Base */,
			);
			name = NextPageActivity.storyboard;
			sourceTree = "<group>";
		};
		63657D941EE7CE3B00DA24F4 /* Login.storyboard */ = {
			isa = PBXVariantGroup;
			children = (
				63657D951EE7CE3B00DA24F4 /* Base */,
			);
			name = Login.storyboard;
			sourceTree = "<group>";
		};
		638536311EE7A1F800DB7BA1 /* Main.storyboard */ = {
			isa = PBXVariantGroup;
			children = (
				638536321EE7A1F800DB7BA1 /* Base */,
			);
			name = Main.storyboard;
			sourceTree = "<group>";
		};
		638536391EE7A1F800DB7BA1 /* LaunchScreen.storyboard */ = {
			isa = PBXVariantGroup;
			children = (
				6385363A1EE7A1F800DB7BA1 /* Base */,
			);
			name = LaunchScreen.storyboard;
			sourceTree = "<group>";
		};
		638DE6031EF7B7390017DA72 /* UserCenter.storyboard */ = {
			isa = PBXVariantGroup;
			children = (
				638DE6041EF7B7390017DA72 /* Base */,
			);
			name = UserCenter.storyboard;
			sourceTree = "<group>";
		};
		63EC60371EF10DAB001F56D8 /* NextPages_FromHome.storyboard */ = {
			isa = PBXVariantGroup;
			children = (
				63EC60381EF10DAB001F56D8 /* Base */,
			);
			name = NextPages_FromHome.storyboard;
			sourceTree = "<group>";
		};
/* End PBXVariantGroup section */

/* Begin XCBuildConfiguration section */
		6385363D1EE7A1F800DB7BA1 /* Debug */ = {
			isa = XCBuildConfiguration;
			buildSettings = {
				ALWAYS_SEARCH_USER_PATHS = NO;
				CLANG_ANALYZER_NONNULL = YES;
				CLANG_ANALYZER_NUMBER_OBJECT_CONVERSION = YES_AGGRESSIVE;
				CLANG_CXX_LANGUAGE_STANDARD = "gnu++0x";
				CLANG_CXX_LIBRARY = "libc++";
				CLANG_ENABLE_MODULES = YES;
				CLANG_ENABLE_OBJC_ARC = YES;
				CLANG_WARN_BOOL_CONVERSION = YES;
				CLANG_WARN_CONSTANT_CONVERSION = YES;
				CLANG_WARN_DIRECT_OBJC_ISA_USAGE = YES_ERROR;
				CLANG_WARN_DOCUMENTATION_COMMENTS = YES;
				CLANG_WARN_EMPTY_BODY = YES;
				CLANG_WARN_ENUM_CONVERSION = YES;
				CLANG_WARN_INFINITE_RECURSION = YES;
				CLANG_WARN_INT_CONVERSION = YES;
				CLANG_WARN_OBJC_ROOT_CLASS = YES_ERROR;
				CLANG_WARN_SUSPICIOUS_MOVE = YES;
				CLANG_WARN_UNREACHABLE_CODE = YES;
				CLANG_WARN__DUPLICATE_METHOD_MATCH = YES;
				"CODE_SIGN_IDENTITY[sdk=iphoneos*]" = "iPhone Developer";
				COPY_PHASE_STRIP = NO;
				DEBUG_INFORMATION_FORMAT = dwarf;
				ENABLE_STRICT_OBJC_MSGSEND = YES;
				ENABLE_TESTABILITY = YES;
				GCC_C_LANGUAGE_STANDARD = gnu99;
				GCC_DYNAMIC_NO_PIC = NO;
				GCC_NO_COMMON_BLOCKS = YES;
				GCC_OPTIMIZATION_LEVEL = 0;
				GCC_PREPROCESSOR_DEFINITIONS = (
					"DEBUG=1",
					"$(inherited)",
				);
				GCC_WARN_64_TO_32_BIT_CONVERSION = YES;
				GCC_WARN_ABOUT_RETURN_TYPE = YES_ERROR;
				GCC_WARN_UNDECLARED_SELECTOR = YES;
				GCC_WARN_UNINITIALIZED_AUTOS = YES_AGGRESSIVE;
				GCC_WARN_UNUSED_FUNCTION = YES;
				GCC_WARN_UNUSED_VARIABLE = YES;
				IPHONEOS_DEPLOYMENT_TARGET = 10.3;
				MTL_ENABLE_DEBUG_INFO = YES;
				ONLY_ACTIVE_ARCH = YES;
				SDKROOT = iphoneos;
				SWIFT_ACTIVE_COMPILATION_CONDITIONS = DEBUG;
				SWIFT_OPTIMIZATION_LEVEL = "-Onone";
			};
			name = Debug;
		};
		6385363E1EE7A1F800DB7BA1 /* Release */ = {
			isa = XCBuildConfiguration;
			buildSettings = {
				ALWAYS_SEARCH_USER_PATHS = NO;
				CLANG_ANALYZER_NONNULL = YES;
				CLANG_ANALYZER_NUMBER_OBJECT_CONVERSION = YES_AGGRESSIVE;
				CLANG_CXX_LANGUAGE_STANDARD = "gnu++0x";
				CLANG_CXX_LIBRARY = "libc++";
				CLANG_ENABLE_MODULES = YES;
				CLANG_ENABLE_OBJC_ARC = YES;
				CLANG_WARN_BOOL_CONVERSION = YES;
				CLANG_WARN_CONSTANT_CONVERSION = YES;
				CLANG_WARN_DIRECT_OBJC_ISA_USAGE = YES_ERROR;
				CLANG_WARN_DOCUMENTATION_COMMENTS = YES;
				CLANG_WARN_EMPTY_BODY = YES;
				CLANG_WARN_ENUM_CONVERSION = YES;
				CLANG_WARN_INFINITE_RECURSION = YES;
				CLANG_WARN_INT_CONVERSION = YES;
				CLANG_WARN_OBJC_ROOT_CLASS = YES_ERROR;
				CLANG_WARN_SUSPICIOUS_MOVE = YES;
				CLANG_WARN_UNREACHABLE_CODE = YES;
				CLANG_WARN__DUPLICATE_METHOD_MATCH = YES;
				"CODE_SIGN_IDENTITY[sdk=iphoneos*]" = "iPhone Developer";
				COPY_PHASE_STRIP = NO;
				DEBUG_INFORMATION_FORMAT = "dwarf-with-dsym";
				ENABLE_NS_ASSERTIONS = NO;
				ENABLE_STRICT_OBJC_MSGSEND = YES;
				GCC_C_LANGUAGE_STANDARD = gnu99;
				GCC_NO_COMMON_BLOCKS = YES;
				GCC_WARN_64_TO_32_BIT_CONVERSION = YES;
				GCC_WARN_ABOUT_RETURN_TYPE = YES_ERROR;
				GCC_WARN_UNDECLARED_SELECTOR = YES;
				GCC_WARN_UNINITIALIZED_AUTOS = YES_AGGRESSIVE;
				GCC_WARN_UNUSED_FUNCTION = YES;
				GCC_WARN_UNUSED_VARIABLE = YES;
				IPHONEOS_DEPLOYMENT_TARGET = 10.3;
				MTL_ENABLE_DEBUG_INFO = NO;
				SDKROOT = iphoneos;
				SWIFT_OPTIMIZATION_LEVEL = "-Owholemodule";
				VALIDATE_PRODUCT = YES;
			};
			name = Release;
		};
		638536401EE7A1F800DB7BA1 /* Debug */ = {
			isa = XCBuildConfiguration;
			baseConfigurationReference = 0A84C5F4F53F71BED1098F95 /* Pods-BanShengYuan.debug.xcconfig */;
			buildSettings = {
				ASSETCATALOG_COMPILER_APPICON_NAME = AppIcon;
				ASSETCATALOG_COMPILER_LAUNCHIMAGE_NAME = LaunchImage;
				CLANG_ENABLE_MODULES = YES;
				CODE_SIGN_IDENTITY = "iPhone Developer: qiyuan wang (36536N9J6G)";
				"CODE_SIGN_IDENTITY[sdk=iphoneos*]" = "iPhone Developer: qiyuan wang (36536N9J6G)";
				DEVELOPMENT_TEAM = BLJ7K274RB;
				EMBED_ASSET_PACKS_IN_PRODUCT_BUNDLE = YES;
				ENABLE_TESTABILITY = NO;
				INFOPLIST_FILE = BanShengYuan/Info.plist;
				IPHONEOS_DEPLOYMENT_TARGET = 10.0;
				LD_RUNPATH_SEARCH_PATHS = "$(inherited) @executable_path/Frameworks";
				PRODUCT_BUNDLE_IDENTIFIER = BanShengYuan;
				PRODUCT_NAME = "$(TARGET_NAME)";
				PROVISIONING_PROFILE = "cd488c4e-bfdb-438d-9a95-8957aceba71f";
				PROVISIONING_PROFILE_SPECIFIER = buy_test;
				SWIFT_OBJC_BRIDGING_HEADER = "BanShengYuan/MainCode/ThirdSource/MBProgressHUD/BanShengYuan-Bridging-Header.h";
				SWIFT_OPTIMIZATION_LEVEL = "-Onone";
				SWIFT_VERSION = 3.0;
				TARGETED_DEVICE_FAMILY = 1;
			};
			name = Debug;
		};
		638536411EE7A1F800DB7BA1 /* Release */ = {
			isa = XCBuildConfiguration;
			baseConfigurationReference = 0DF03F0D152022F36A26F6B4 /* Pods-BanShengYuan.release.xcconfig */;
			buildSettings = {
				ASSETCATALOG_COMPILER_APPICON_NAME = AppIcon;
				ASSETCATALOG_COMPILER_LAUNCHIMAGE_NAME = LaunchImage;
				CLANG_ENABLE_MODULES = YES;
				CODE_SIGN_IDENTITY = "iPhone Developer: qiyuan wang (36536N9J6G)";
				"CODE_SIGN_IDENTITY[sdk=iphoneos*]" = "iPhone Developer: qiyuan wang (36536N9J6G)";
				DEVELOPMENT_TEAM = BLJ7K274RB;
				EMBED_ASSET_PACKS_IN_PRODUCT_BUNDLE = YES;
				ENABLE_TESTABILITY = NO;
				INFOPLIST_FILE = BanShengYuan/Info.plist;
				IPHONEOS_DEPLOYMENT_TARGET = 10.0;
				LD_RUNPATH_SEARCH_PATHS = "$(inherited) @executable_path/Frameworks";
				PRODUCT_BUNDLE_IDENTIFIER = BanShengYuan;
				PRODUCT_NAME = "$(TARGET_NAME)";
				PROVISIONING_PROFILE = "8dac34c3-c240-4936-9490-7a3979ff96c3";
				PROVISIONING_PROFILE_SPECIFIER = buy_test;
				SWIFT_OBJC_BRIDGING_HEADER = "BanShengYuan/MainCode/ThirdSource/MBProgressHUD/BanShengYuan-Bridging-Header.h";
				SWIFT_VERSION = 3.0;
				TARGETED_DEVICE_FAMILY = 1;
			};
			name = Release;
		};
/* End XCBuildConfiguration section */

/* Begin XCConfigurationList section */
		638536251EE7A1F800DB7BA1 /* Build configuration list for PBXProject "BanShengYuan" */ = {
			isa = XCConfigurationList;
			buildConfigurations = (
				6385363D1EE7A1F800DB7BA1 /* Debug */,
				6385363E1EE7A1F800DB7BA1 /* Release */,
			);
			defaultConfigurationIsVisible = 0;
			defaultConfigurationName = Release;
		};
		6385363F1EE7A1F800DB7BA1 /* Build configuration list for PBXNativeTarget "BanShengYuan" */ = {
			isa = XCConfigurationList;
			buildConfigurations = (
				638536401EE7A1F800DB7BA1 /* Debug */,
				638536411EE7A1F800DB7BA1 /* Release */,
			);
			defaultConfigurationIsVisible = 0;
			defaultConfigurationName = Release;
		};
/* End XCConfigurationList section */

/* Begin XCVersionGroup section */
		638536341EE7A1F800DB7BA1 /* BanShengYuan.xcdatamodeld */ = {
			isa = XCVersionGroup;
			children = (
				638536351EE7A1F800DB7BA1 /* BanShengYuan.xcdatamodel */,
			);
			currentVersion = 638536351EE7A1F800DB7BA1 /* BanShengYuan.xcdatamodel */;
			path = BanShengYuan.xcdatamodeld;
			sourceTree = "<group>";
			versionGroupType = wrapper.xcdatamodel;
		};
/* End XCVersionGroup section */
	};
	rootObject = 638536221EE7A1F800DB7BA1 /* Project object */;
}
