// !$*UTF8*$!
{
	archiveVersion = 1;
	classes = {
	};
	objectVersion = 46;
	objects = {

/* Begin PBXBuildFile section */
		636B03B0204647C3000EFF1F /* AppDelegate.swift in Sources */ = {isa = PBXBuildFile; fileRef = 636B03AF204647C3000EFF1F /* AppDelegate.swift */; };
		636B03B2204647C3000EFF1F /* ViewController.swift in Sources */ = {isa = PBXBuildFile; fileRef = 636B03B1204647C3000EFF1F /* ViewController.swift */; };
		636B03B5204647C3000EFF1F /* Main.storyboard in Resources */ = {isa = PBXBuildFile; fileRef = 636B03B3204647C3000EFF1F /* Main.storyboard */; };
		636B03B8204647C3000EFF1F /* CTDemo228.xcdatamodeld in Sources */ = {isa = PBXBuildFile; fileRef = 636B03B6204647C3000EFF1F /* CTDemo228.xcdatamodeld */; };
		636B03BA204647C3000EFF1F /* Assets.xcassets in Resources */ = {isa = PBXBuildFile; fileRef = 636B03B9204647C3000EFF1F /* Assets.xcassets */; };
		636B03BD204647C3000EFF1F /* LaunchScreen.storyboard in Resources */ = {isa = PBXBuildFile; fileRef = 636B03BB204647C3000EFF1F /* LaunchScreen.storyboard */; };
		636B03C8204647C3000EFF1F /* CTDemo228Tests.swift in Sources */ = {isa = PBXBuildFile; fileRef = 636B03C7204647C3000EFF1F /* CTDemo228Tests.swift */; };
		636B03D3204647C4000EFF1F /* CTDemo228UITests.swift in Sources */ = {isa = PBXBuildFile; fileRef = 636B03D2204647C4000EFF1F /* CTDemo228UITests.swift */; };
/* End PBXBuildFile section */

/* Begin PBXContainerItemProxy section */
		636B03C4204647C3000EFF1F /* PBXContainerItemProxy */ = {
			isa = PBXContainerItemProxy;
			containerPortal = 636B03A4204647C3000EFF1F /* Project object */;
			proxyType = 1;
			remoteGlobalIDString = 636B03AB204647C3000EFF1F;
			remoteInfo = CTDemo228;
		};
		636B03CF204647C4000EFF1F /* PBXContainerItemProxy */ = {
			isa = PBXContainerItemProxy;
			containerPortal = 636B03A4204647C3000EFF1F /* Project object */;
			proxyType = 1;
			remoteGlobalIDString = 636B03AB204647C3000EFF1F;
			remoteInfo = CTDemo228;
		};
/* End PBXContainerItemProxy section */

/* Begin PBXFileReference section */
		636B03AC204647C3000EFF1F /* CTDemo228.app */ = {isa = PBXFileReference; explicitFileType = wrapper.application; includeInIndex = 0; path = CTDemo228.app; sourceTree = BUILT_PRODUCTS_DIR; };
		636B03AF204647C3000EFF1F /* AppDelegate.swift */ = {isa = PBXFileReference; lastKnownFileType = sourcecode.swift; path = AppDelegate.swift; sourceTree = "<group>"; };
		636B03B1204647C3000EFF1F /* ViewController.swift */ = {isa = PBXFileReference; lastKnownFileType = sourcecode.swift; path = ViewController.swift; sourceTree = "<group>"; };
		636B03B4204647C3000EFF1F /* Base */ = {isa = PBXFileReference; lastKnownFileType = file.storyboard; name = Base; path = Base.lproj/Main.storyboard; sourceTree = "<group>"; };
		636B03B7204647C3000EFF1F /* CTDemo228.xcdatamodel */ = {isa = PBXFileReference; lastKnownFileType = wrapper.xcdatamodel; path = CTDemo228.xcdatamodel; sourceTree = "<group>"; };
		636B03B9204647C3000EFF1F /* Assets.xcassets */ = {isa = PBXFileReference; lastKnownFileType = folder.assetcatalog; path = Assets.xcassets; sourceTree = "<group>"; };
		636B03BC204647C3000EFF1F /* Base */ = {isa = PBXFileReference; lastKnownFileType = file.storyboard; name = Base; path = Base.lproj/LaunchScreen.storyboard; sourceTree = "<group>"; };
		636B03BE204647C3000EFF1F /* Info.plist */ = {isa = PBXFileReference; lastKnownFileType = text.plist.xml; path = Info.plist; sourceTree = "<group>"; };
		636B03C3204647C3000EFF1F /* CTDemo228Tests.xctest */ = {isa = PBXFileReference; explicitFileType = wrapper.cfbundle; includeInIndex = 0; path = CTDemo228Tests.xctest; sourceTree = BUILT_PRODUCTS_DIR; };
		636B03C7204647C3000EFF1F /* CTDemo228Tests.swift */ = {isa = PBXFileReference; lastKnownFileType = sourcecode.swift; path = CTDemo228Tests.swift; sourceTree = "<group>"; };
		636B03C9204647C3000EFF1F /* Info.plist */ = {isa = PBXFileReference; lastKnownFileType = text.plist.xml; path = Info.plist; sourceTree = "<group>"; };
		636B03CE204647C4000EFF1F /* CTDemo228UITests.xctest */ = {isa = PBXFileReference; explicitFileType = wrapper.cfbundle; includeInIndex = 0; path = CTDemo228UITests.xctest; sourceTree = BUILT_PRODUCTS_DIR; };
		636B03D2204647C4000EFF1F /* CTDemo228UITests.swift */ = {isa = PBXFileReference; lastKnownFileType = sourcecode.swift; path = CTDemo228UITests.swift; sourceTree = "<group>"; };
		636B03D4204647C4000EFF1F /* Info.plist */ = {isa = PBXFileReference; lastKnownFileType = text.plist.xml; path = Info.plist; sourceTree = "<group>"; };
/* End PBXFileReference section */

/* Begin PBXFrameworksBuildPhase section */
		636B03A9204647C3000EFF1F /* Frameworks */ = {
			isa = PBXFrameworksBuildPhase;
			buildActionMask = 2147483647;
			files = (
			);
			runOnlyForDeploymentPostprocessing = 0;
		};
		636B03C0204647C3000EFF1F /* Frameworks */ = {
			isa = PBXFrameworksBuildPhase;
			buildActionMask = 2147483647;
			files = (
			);
			runOnlyForDeploymentPostprocessing = 0;
		};
		636B03CB204647C4000EFF1F /* Frameworks */ = {
			isa = PBXFrameworksBuildPhase;
			buildActionMask = 2147483647;
			files = (
			);
			runOnlyForDeploymentPostprocessing = 0;
		};
/* End PBXFrameworksBuildPhase section */

/* Begin PBXGroup section */
		636B03A3204647C3000EFF1F = {
			isa = PBXGroup;
			children = (
				636B03AE204647C3000EFF1F /* CTDemo228 */,
				636B03C6204647C3000EFF1F /* CTDemo228Tests */,
				636B03D1204647C4000EFF1F /* CTDemo228UITests */,
				636B03AD204647C3000EFF1F /* Products */,
			);
			sourceTree = "<group>";
		};
		636B03AD204647C3000EFF1F /* Products */ = {
			isa = PBXGroup;
			children = (
				636B03AC204647C3000EFF1F /* CTDemo228.app */,
				636B03C3204647C3000EFF1F /* CTDemo228Tests.xctest */,
				636B03CE204647C4000EFF1F /* CTDemo228UITests.xctest */,
			);
			name = Products;
			sourceTree = "<group>";
		};
		636B03AE204647C3000EFF1F /* CTDemo228 */ = {
			isa = PBXGroup;
			children = (
				636B03AF204647C3000EFF1F /* AppDelegate.swift */,
				636B03B1204647C3000EFF1F /* ViewController.swift */,
				636B03B3204647C3000EFF1F /* Main.storyboard */,
				636B03B9204647C3000EFF1F /* Assets.xcassets */,
				636B03BB204647C3000EFF1F /* LaunchScreen.storyboard */,
				636B03BE204647C3000EFF1F /* Info.plist */,
				636B03B6204647C3000EFF1F /* CTDemo228.xcdatamodeld */,
			);
			path = CTDemo228;
			sourceTree = "<group>";
		};
		636B03C6204647C3000EFF1F /* CTDemo228Tests */ = {
			isa = PBXGroup;
			children = (
				636B03C7204647C3000EFF1F /* CTDemo228Tests.swift */,
				636B03C9204647C3000EFF1F /* Info.plist */,
			);
			path = CTDemo228Tests;
			sourceTree = "<group>";
		};
		636B03D1204647C4000EFF1F /* CTDemo228UITests */ = {
			isa = PBXGroup;
			children = (
				636B03D2204647C4000EFF1F /* CTDemo228UITests.swift */,
				636B03D4204647C4000EFF1F /* Info.plist */,
			);
			path = CTDemo228UITests;
			sourceTree = "<group>";
		};
/* End PBXGroup section */

/* Begin PBXNativeTarget section */
		636B03AB204647C3000EFF1F /* CTDemo228 */ = {
			isa = PBXNativeTarget;
			buildConfigurationList = 636B03D7204647C4000EFF1F /* Build configuration list for PBXNativeTarget "CTDemo228" */;
			buildPhases = (
				636B03A8204647C3000EFF1F /* Sources */,
				636B03A9204647C3000EFF1F /* Frameworks */,
				636B03AA204647C3000EFF1F /* Resources */,
			);
			buildRules = (
			);
			dependencies = (
			);
			name = CTDemo228;
			productName = CTDemo228;
			productReference = 636B03AC204647C3000EFF1F /* CTDemo228.app */;
			productType = "com.apple.product-type.application";
		};
		636B03C2204647C3000EFF1F /* CTDemo228Tests */ = {
			isa = PBXNativeTarget;
			buildConfigurationList = 636B03DA204647C4000EFF1F /* Build configuration list for PBXNativeTarget "CTDemo228Tests" */;
			buildPhases = (
				636B03BF204647C3000EFF1F /* Sources */,
				636B03C0204647C3000EFF1F /* Frameworks */,
				636B03C1204647C3000EFF1F /* Resources */,
			);
			buildRules = (
			);
			dependencies = (
				636B03C5204647C3000EFF1F /* PBXTargetDependency */,
			);
			name = CTDemo228Tests;
			productName = CTDemo228Tests;
			productReference = 636B03C3204647C3000EFF1F /* CTDemo228Tests.xctest */;
			productType = "com.apple.product-type.bundle.unit-test";
		};
		636B03CD204647C4000EFF1F /* CTDemo228UITests */ = {
			isa = PBXNativeTarget;
			buildConfigurationList = 636B03DD204647C4000EFF1F /* Build configuration list for PBXNativeTarget "CTDemo228UITests" */;
			buildPhases = (
				636B03CA204647C4000EFF1F /* Sources */,
				636B03CB204647C4000EFF1F /* Frameworks */,
				636B03CC204647C4000EFF1F /* Resources */,
			);
			buildRules = (
			);
			dependencies = (
				636B03D0204647C4000EFF1F /* PBXTargetDependency */,
			);
			name = CTDemo228UITests;
			productName = CTDemo228UITests;
			productReference = 636B03CE204647C4000EFF1F /* CTDemo228UITests.xctest */;
			productType = "com.apple.product-type.bundle.ui-testing";
		};
/* End PBXNativeTarget section */

/* Begin PBXProject section */
		636B03A4204647C3000EFF1F /* Project object */ = {
			isa = PBXProject;
			attributes = {
				LastSwiftUpdateCheck = 0830;
				LastUpgradeCheck = 0830;
				ORGANIZATIONNAME = FreeMud;
				TargetAttributes = {
					636B03AB204647C3000EFF1F = {
						CreatedOnToolsVersion = 8.3.2;
						ProvisioningStyle = Manual;
					};
					636B03C2204647C3000EFF1F = {
						CreatedOnToolsVersion = 8.3.2;
						DevelopmentTeam = P2PF46GCFF;
						ProvisioningStyle = Automatic;
						TestTargetID = 636B03AB204647C3000EFF1F;
					};
					636B03CD204647C4000EFF1F = {
						CreatedOnToolsVersion = 8.3.2;
						DevelopmentTeam = P2PF46GCFF;
						ProvisioningStyle = Automatic;
						TestTargetID = 636B03AB204647C3000EFF1F;
					};
				};
			};
			buildConfigurationList = 636B03A7204647C3000EFF1F /* Build configuration list for PBXProject "CTDemo228" */;
			compatibilityVersion = "Xcode 3.2";
			developmentRegion = English;
			hasScannedForEncodings = 0;
			knownRegions = (
				en,
				Base,
			);
			mainGroup = 636B03A3204647C3000EFF1F;
			productRefGroup = 636B03AD204647C3000EFF1F /* Products */;
			projectDirPath = "";
			projectRoot = "";
			targets = (
				636B03AB204647C3000EFF1F /* CTDemo228 */,
				636B03C2204647C3000EFF1F /* CTDemo228Tests */,
				636B03CD204647C4000EFF1F /* CTDemo228UITests */,
			);
		};
/* End PBXProject section */

/* Begin PBXResourcesBuildPhase section */
		636B03AA204647C3000EFF1F /* Resources */ = {
			isa = PBXResourcesBuildPhase;
			buildActionMask = 2147483647;
			files = (
				636B03BD204647C3000EFF1F /* LaunchScreen.storyboard in Resources */,
				636B03BA204647C3000EFF1F /* Assets.xcassets in Resources */,
				636B03B5204647C3000EFF1F /* Main.storyboard in Resources */,
			);
			runOnlyForDeploymentPostprocessing = 0;
		};
		636B03C1204647C3000EFF1F /* Resources */ = {
			isa = PBXResourcesBuildPhase;
			buildActionMask = 2147483647;
			files = (
			);
			runOnlyForDeploymentPostprocessing = 0;
		};
		636B03CC204647C4000EFF1F /* Resources */ = {
			isa = PBXResourcesBuildPhase;
			buildActionMask = 2147483647;
			files = (
			);
			runOnlyForDeploymentPostprocessing = 0;
		};
/* End PBXResourcesBuildPhase section */

/* Begin PBXSourcesBuildPhase section */
		636B03A8204647C3000EFF1F /* Sources */ = {
			isa = PBXSourcesBuildPhase;
			buildActionMask = 2147483647;
			files = (
				636B03B2204647C3000EFF1F /* ViewController.swift in Sources */,
				636B03B8204647C3000EFF1F /* CTDemo228.xcdatamodeld in Sources */,
				636B03B0204647C3000EFF1F /* AppDelegate.swift in Sources */,
			);
			runOnlyForDeploymentPostprocessing = 0;
		};
		636B03BF204647C3000EFF1F /* Sources */ = {
			isa = PBXSourcesBuildPhase;
			buildActionMask = 2147483647;
			files = (
				636B03C8204647C3000EFF1F /* CTDemo228Tests.swift in Sources */,
			);
			runOnlyForDeploymentPostprocessing = 0;
		};
		636B03CA204647C4000EFF1F /* Sources */ = {
			isa = PBXSourcesBuildPhase;
			buildActionMask = 2147483647;
			files = (
				636B03D3204647C4000EFF1F /* CTDemo228UITests.swift in Sources */,
			);
			runOnlyForDeploymentPostprocessing = 0;
		};
/* End PBXSourcesBuildPhase section */

/* Begin PBXTargetDependency section */
		636B03C5204647C3000EFF1F /* PBXTargetDependency */ = {
			isa = PBXTargetDependency;
			target = 636B03AB204647C3000EFF1F /* CTDemo228 */;
			targetProxy = 636B03C4204647C3000EFF1F /* PBXContainerItemProxy */;
		};
		636B03D0204647C4000EFF1F /* PBXTargetDependency */ = {
			isa = PBXTargetDependency;
			target = 636B03AB204647C3000EFF1F /* CTDemo228 */;
			targetProxy = 636B03CF204647C4000EFF1F /* PBXContainerItemProxy */;
		};
/* End PBXTargetDependency section */

/* Begin PBXVariantGroup section */
		636B03B3204647C3000EFF1F /* Main.storyboard */ = {
			isa = PBXVariantGroup;
			children = (
				636B03B4204647C3000EFF1F /* Base */,
			);
			name = Main.storyboard;
			sourceTree = "<group>";
		};
		636B03BB204647C3000EFF1F /* LaunchScreen.storyboard */ = {
			isa = PBXVariantGroup;
			children = (
				636B03BC204647C3000EFF1F /* Base */,
			);
			name = LaunchScreen.storyboard;
			sourceTree = "<group>";
		};
/* End PBXVariantGroup section */

/* Begin XCBuildConfiguration section */
		636B03D5204647C4000EFF1F /* Debug */ = {
			isa = XCBuildConfiguration;
			buildSettings = {
				ALWAYS_SEARCH_USER_PATHS = NO;
				CLANG_ANALYZER_NONNULL = YES;
				CLANG_ANALYZER_NUMBER_OBJECT_CONVERSION = YES_AGGRESSIVE;
				CLANG_CXX_LANGUAGE_STANDARD = "gnu++0x";
				CLANG_CXX_LIBRARY = "libc++";
				CLANG_ENABLE_MODULES = YES;
				CLANG_ENABLE_OBJC_ARC = YES;
				CLANG_WARN_BOOL_CONVERSION = YES;
				CLANG_WARN_CONSTANT_CONVERSION = YES;
				CLANG_WARN_DIRECT_OBJC_ISA_USAGE = YES_ERROR;
				CLANG_WARN_DOCUMENTATION_COMMENTS = YES;
				CLANG_WARN_EMPTY_BODY = YES;
				CLANG_WARN_ENUM_CONVERSION = YES;
				CLANG_WARN_INFINITE_RECURSION = YES;
				CLANG_WARN_INT_CONVERSION = YES;
				CLANG_WARN_OBJC_ROOT_CLASS = YES_ERROR;
				CLANG_WARN_SUSPICIOUS_MOVE = YES;
				CLANG_WARN_UNREACHABLE_CODE = YES;
				CLANG_WARN__DUPLICATE_METHOD_MATCH = YES;
				"CODE_SIGN_IDENTITY[sdk=iphoneos*]" = "iPhone Developer";
				COPY_PHASE_STRIP = NO;
				DEBUG_INFORMATION_FORMAT = dwarf;
				ENABLE_STRICT_OBJC_MSGSEND = YES;
				ENABLE_TESTABILITY = YES;
				GCC_C_LANGUAGE_STANDARD = gnu99;
				GCC_DYNAMIC_NO_PIC = NO;
				GCC_NO_COMMON_BLOCKS = YES;
				GCC_OPTIMIZATION_LEVEL = 0;
				GCC_PREPROCESSOR_DEFINITIONS = (
					"DEBUG=1",
					"$(inherited)",
				);
				GCC_WARN_64_TO_32_BIT_CONVERSION = YES;
				GCC_WARN_ABOUT_RETURN_TYPE = YES_ERROR;
				GCC_WARN_UNDECLARED_SELECTOR = YES;
				GCC_WARN_UNINITIALIZED_AUTOS = YES_AGGRESSIVE;
				GCC_WARN_UNUSED_FUNCTION = YES;
				GCC_WARN_UNUSED_VARIABLE = YES;
				IPHONEOS_DEPLOYMENT_TARGET = 10.3;
				MTL_ENABLE_DEBUG_INFO = YES;
				ONLY_ACTIVE_ARCH = YES;
				SDKROOT = iphoneos;
				SWIFT_ACTIVE_COMPILATION_CONDITIONS = DEBUG;
				SWIFT_OPTIMIZATION_LEVEL = "-Onone";
			};
			name = Debug;
		};
		636B03D6204647C4000EFF1F /* Release */ = {
			isa = XCBuildConfiguration;
			buildSettings = {
				ALWAYS_SEARCH_USER_PATHS = NO;
				CLANG_ANALYZER_NONNULL = YES;
				CLANG_ANALYZER_NUMBER_OBJECT_CONVERSION = YES_AGGRESSIVE;
				CLANG_CXX_LANGUAGE_STANDARD = "gnu++0x";
				CLANG_CXX_LIBRARY = "libc++";
				CLANG_ENABLE_MODULES = YES;
				CLANG_ENABLE_OBJC_ARC = YES;
				CLANG_WARN_BOOL_CONVERSION = YES;
				CLANG_WARN_CONSTANT_CONVERSION = YES;
				CLANG_WARN_DIRECT_OBJC_ISA_USAGE = YES_ERROR;
				CLANG_WARN_DOCUMENTATION_COMMENTS = YES;
				CLANG_WARN_EMPTY_BODY = YES;
				CLANG_WARN_ENUM_CONVERSION = YES;
				CLANG_WARN_INFINITE_RECURSION = YES;
				CLANG_WARN_INT_CONVERSION = YES;
				CLANG_WARN_OBJC_ROOT_CLASS = YES_ERROR;
				CLANG_WARN_SUSPICIOUS_MOVE = YES;
				CLANG_WARN_UNREACHABLE_CODE = YES;
				CLANG_WARN__DUPLICATE_METHOD_MATCH = YES;
				"CODE_SIGN_IDENTITY[sdk=iphoneos*]" = "iPhone Developer";
				COPY_PHASE_STRIP = NO;
				DEBUG_INFORMATION_FORMAT = "dwarf-with-dsym";
				ENABLE_NS_ASSERTIONS = NO;
				ENABLE_STRICT_OBJC_MSGSEND = YES;
				GCC_C_LANGUAGE_STANDARD = gnu99;
				GCC_NO_COMMON_BLOCKS = YES;
				GCC_WARN_64_TO_32_BIT_CONVERSION = YES;
				GCC_WARN_ABOUT_RETURN_TYPE = YES_ERROR;
				GCC_WARN_UNDECLARED_SELECTOR = YES;
				GCC_WARN_UNINITIALIZED_AUTOS = YES_AGGRESSIVE;
				GCC_WARN_UNUSED_FUNCTION = YES;
				GCC_WARN_UNUSED_VARIABLE = YES;
				IPHONEOS_DEPLOYMENT_TARGET = 10.3;
				MTL_ENABLE_DEBUG_INFO = NO;
				SDKROOT = iphoneos;
				SWIFT_OPTIMIZATION_LEVEL = "-Owholemodule";
				VALIDATE_PRODUCT = YES;
			};
			name = Release;
		};
		636B03D8204647C4000EFF1F /* Debug */ = {
			isa = XCBuildConfiguration;
			buildSettings = {
				ASSETCATALOG_COMPILER_APPICON_NAME = AppIcon;
				DEVELOPMENT_TEAM = "";
				INFOPLIST_FILE = CTDemo228/Info.plist;
				LD_RUNPATH_SEARCH_PATHS = "$(inherited) @executable_path/Frameworks";
				PRODUCT_BUNDLE_IDENTIFIER = FreeMud.CN.CTDemo228;
				PRODUCT_NAME = "$(TARGET_NAME)";
				PROVISIONING_PROFILE_SPECIFIER = "";
				SWIFT_VERSION = 3.0;
			};
			name = Debug;
		};
		636B03D9204647C4000EFF1F /* Release */ = {
			isa = XCBuildConfiguration;
			buildSettings = {
				ASSETCATALOG_COMPILER_APPICON_NAME = AppIcon;
				DEVELOPMENT_TEAM = "";
				INFOPLIST_FILE = CTDemo228/Info.plist;
				LD_RUNPATH_SEARCH_PATHS = "$(inherited) @executable_path/Frameworks";
				PRODUCT_BUNDLE_IDENTIFIER = FreeMud.CN.CTDemo228;
				PRODUCT_NAME = "$(TARGET_NAME)";
				PROVISIONING_PROFILE_SPECIFIER = "";
				SWIFT_VERSION = 3.0;
			};
			name = Release;
		};
		636B03DB204647C4000EFF1F /* Debug */ = {
			isa = XCBuildConfiguration;
			buildSettings = {
				ALWAYS_EMBED_SWIFT_STANDARD_LIBRARIES = YES;
				BUNDLE_LOADER = "$(TEST_HOST)";
				DEVELOPMENT_TEAM = P2PF46GCFF;
				INFOPLIST_FILE = CTDemo228Tests/Info.plist;
				LD_RUNPATH_SEARCH_PATHS = "$(inherited) @executable_path/Frameworks @loader_path/Frameworks";
				PRODUCT_BUNDLE_IDENTIFIER = FreeMud.CN.CTDemo228Tests;
				PRODUCT_NAME = "$(TARGET_NAME)";
				SWIFT_VERSION = 3.0;
				TEST_HOST = "$(BUILT_PRODUCTS_DIR)/CTDemo228.app/CTDemo228";
			};
			name = Debug;
		};
		636B03DC204647C4000EFF1F /* Release */ = {
			isa = XCBuildConfiguration;
			buildSettings = {
				ALWAYS_EMBED_SWIFT_STANDARD_LIBRARIES = YES;
				BUNDLE_LOADER = "$(TEST_HOST)";
				DEVELOPMENT_TEAM = P2PF46GCFF;
				INFOPLIST_FILE = CTDemo228Tests/Info.plist;
				LD_RUNPATH_SEARCH_PATHS = "$(inherited) @executable_path/Frameworks @loader_path/Frameworks";
				PRODUCT_BUNDLE_IDENTIFIER = FreeMud.CN.CTDemo228Tests;
				PRODUCT_NAME = "$(TARGET_NAME)";
				SWIFT_VERSION = 3.0;
				TEST_HOST = "$(BUILT_PRODUCTS_DIR)/CTDemo228.app/CTDemo228";
			};
			name = Release;
		};
		636B03DE204647C4000EFF1F /* Debug */ = {
			isa = XCBuildConfiguration;
			buildSettings = {
				ALWAYS_EMBED_SWIFT_STANDARD_LIBRARIES = YES;
				DEVELOPMENT_TEAM = P2PF46GCFF;
				INFOPLIST_FILE = CTDemo228UITests/Info.plist;
				LD_RUNPATH_SEARCH_PATHS = "$(inherited) @executable_path/Frameworks @loader_path/Frameworks";
				PRODUCT_BUNDLE_IDENTIFIER = FreeMud.CN.CTDemo228UITests;
				PRODUCT_NAME = "$(TARGET_NAME)";
				SWIFT_VERSION = 3.0;
				TEST_TARGET_NAME = CTDemo228;
			};
			name = Debug;
		};
		636B03DF204647C4000EFF1F /* Release */ = {
			isa = XCBuildConfiguration;
			buildSettings = {
				ALWAYS_EMBED_SWIFT_STANDARD_LIBRARIES = YES;
				DEVELOPMENT_TEAM = P2PF46GCFF;
				INFOPLIST_FILE = CTDemo228UITests/Info.plist;
				LD_RUNPATH_SEARCH_PATHS = "$(inherited) @executable_path/Frameworks @loader_path/Frameworks";
				PRODUCT_BUNDLE_IDENTIFIER = FreeMud.CN.CTDemo228UITests;
				PRODUCT_NAME = "$(TARGET_NAME)";
				SWIFT_VERSION = 3.0;
				TEST_TARGET_NAME = CTDemo228;
			};
			name = Release;
		};
/* End XCBuildConfiguration section */

/* Begin XCConfigurationList section */
		636B03A7204647C3000EFF1F /* Build configuration list for PBXProject "CTDemo228" */ = {
			isa = XCConfigurationList;
			buildConfigurations = (
				636B03D5204647C4000EFF1F /* Debug */,
				636B03D6204647C4000EFF1F /* Release */,
			);
			defaultConfigurationIsVisible = 0;
			defaultConfigurationName = Release;
		};
		636B03D7204647C4000EFF1F /* Build configuration list for PBXNativeTarget "CTDemo228" */ = {
			isa = XCConfigurationList;
			buildConfigurations = (
				636B03D8204647C4000EFF1F /* Debug */,
				636B03D9204647C4000EFF1F /* Release */,
			);
			defaultConfigurationIsVisible = 0;
		};
		636B03DA204647C4000EFF1F /* Build configuration list for PBXNativeTarget "CTDemo228Tests" */ = {
			isa = XCConfigurationList;
			buildConfigurations = (
				636B03DB204647C4000EFF1F /* Debug */,
				636B03DC204647C4000EFF1F /* Release */,
			);
			defaultConfigurationIsVisible = 0;
		};
		636B03DD204647C4000EFF1F /* Build configuration list for PBXNativeTarget "CTDemo228UITests" */ = {
			isa = XCConfigurationList;
			buildConfigurations = (
				636B03DE204647C4000EFF1F /* Debug */,
				636B03DF204647C4000EFF1F /* Release */,
			);
			defaultConfigurationIsVisible = 0;
		};
/* End XCConfigurationList section */

/* Begin XCVersionGroup section */
		636B03B6204647C3000EFF1F /* CTDemo228.xcdatamodeld */ = {
			isa = XCVersionGroup;
			children = (
				636B03B7204647C3000EFF1F /* CTDemo228.xcdatamodel */,
			);
			currentVersion = 636B03B7204647C3000EFF1F /* CTDemo228.xcdatamodel */;
			path = CTDemo228.xcdatamodeld;
			sourceTree = "<group>";
			versionGroupType = wrapper.xcdatamodel;
		};
/* End XCVersionGroup section */
	};
	rootObject = 636B03A4204647C3000EFF1F /* Project object */;
}
