PODS:
  - CryptoSwift (0.6.9)
  - SnapKit (3.0.2)
  - SVProgressHUD (2.1.2)

DEPENDENCIES:
  - CryptoSwift
  - SnapKit (~> 3.0.2)
  - SVProgressHUD

SPEC CHECKSUMS:
  CryptoSwift: a22f6ba238e9ce4d26ee7bf45b9ed82e7122d4a0
  SnapKit: 2e456761aa92d4d4067a7a5594c18769d451a8ad
  SVProgressHUD: c404a55d78acbeb7ebb78b76d3faf986475a6994

PODFILE CHECKSUM: 16037672b75f74de66e929bd498b28383f8da190

COCOAPODS: 1.2.1
