// !$*UTF8*$!
{
	archiveVersion = 1;
	classes = {
	};
	objectVersion = 46;
	objects = {

/* Begin PBXBuildFile section */
		634EF79A2170973A00150B48 /* AppDelegate.swift in Sources */ = {isa = PBXBuildFile; fileRef = 634EF7992170973A00150B48 /* AppDelegate.swift */; };
		634EF79C2170973A00150B48 /* ViewController.swift in Sources */ = {isa = PBXBuildFile; fileRef = 634EF79B2170973A00150B48 /* ViewController.swift */; };
		634EF79F2170973A00150B48 /* Main.storyboard in Resources */ = {isa = PBXBuildFile; fileRef = 634EF79D2170973A00150B48 /* Main.storyboard */; };
		634EF7A22170973A00150B48 /* BGMediaPlayer.xcdatamodeld in Sources */ = {isa = PBXBuildFile; fileRef = 634EF7A02170973A00150B48 /* BGMediaPlayer.xcdatamodeld */; };
		634EF7A42170973A00150B48 /* Assets.xcassets in Resources */ = {isa = PBXBuildFile; fileRef = 634EF7A32170973A00150B48 /* Assets.xcassets */; };
		634EF7A72170973A00150B48 /* LaunchScreen.storyboard in Resources */ = {isa = PBXBuildFile; fileRef = 634EF7A52170973A00150B48 /* LaunchScreen.storyboard */; };
		634EF7AF2170981D00150B48 /* work5.mp3 in Resources */ = {isa = PBXBuildFile; fileRef = 634EF7AE2170981D00150B48 /* work5.mp3 */; };
		634EF7B12170A50B00150B48 /* xmj.mp3 in Resources */ = {isa = PBXBuildFile; fileRef = 634EF7B02170A50B00150B48 /* xmj.mp3 */; };
		638BF976217440D600B25C21 /* Datas.swift in Sources */ = {isa = PBXBuildFile; fileRef = 638BF975217440D600B25C21 /* Datas.swift */; };
		638BF9782174417C00B25C21 /* bgManager.swift in Sources */ = {isa = PBXBuildFile; fileRef = 638BF9772174417C00B25C21 /* bgManager.swift */; };
/* End PBXBuildFile section */

/* Begin PBXFileReference section */
		634EF7962170973A00150B48 /* BGMediaPlayer.app */ = {isa = PBXFileReference; explicitFileType = wrapper.application; includeInIndex = 0; path = BGMediaPlayer.app; sourceTree = BUILT_PRODUCTS_DIR; };
		634EF7992170973A00150B48 /* AppDelegate.swift */ = {isa = PBXFileReference; lastKnownFileType = sourcecode.swift; path = AppDelegate.swift; sourceTree = "<group>"; };
		634EF79B2170973A00150B48 /* ViewController.swift */ = {isa = PBXFileReference; lastKnownFileType = sourcecode.swift; path = ViewController.swift; sourceTree = "<group>"; };
		634EF79E2170973A00150B48 /* Base */ = {isa = PBXFileReference; lastKnownFileType = file.storyboard; name = Base; path = Base.lproj/Main.storyboard; sourceTree = "<group>"; };
		634EF7A12170973A00150B48 /* BGMediaPlayer.xcdatamodel */ = {isa = PBXFileReference; lastKnownFileType = wrapper.xcdatamodel; path = BGMediaPlayer.xcdatamodel; sourceTree = "<group>"; };
		634EF7A32170973A00150B48 /* Assets.xcassets */ = {isa = PBXFileReference; lastKnownFileType = folder.assetcatalog; path = Assets.xcassets; sourceTree = "<group>"; };
		634EF7A62170973A00150B48 /* Base */ = {isa = PBXFileReference; lastKnownFileType = file.storyboard; name = Base; path = Base.lproj/LaunchScreen.storyboard; sourceTree = "<group>"; };
		634EF7A82170973A00150B48 /* Info.plist */ = {isa = PBXFileReference; lastKnownFileType = text.plist.xml; path = Info.plist; sourceTree = "<group>"; };
		634EF7AE2170981D00150B48 /* work5.mp3 */ = {isa = PBXFileReference; lastKnownFileType = audio.mp3; path = work5.mp3; sourceTree = "<group>"; };
		634EF7B02170A50B00150B48 /* xmj.mp3 */ = {isa = PBXFileReference; lastKnownFileType = audio.mp3; path = xmj.mp3; sourceTree = "<group>"; };
		638BF975217440D600B25C21 /* Datas.swift */ = {isa = PBXFileReference; fileEncoding = 4; lastKnownFileType = sourcecode.swift; path = Datas.swift; sourceTree = "<group>"; };
		638BF9772174417C00B25C21 /* bgManager.swift */ = {isa = PBXFileReference; fileEncoding = 4; lastKnownFileType = sourcecode.swift; path = bgManager.swift; sourceTree = "<group>"; };
/* End PBXFileReference section */

/* Begin PBXFrameworksBuildPhase section */
		634EF7932170973A00150B48 /* Frameworks */ = {
			isa = PBXFrameworksBuildPhase;
			buildActionMask = 2147483647;
			files = (
			);
			runOnlyForDeploymentPostprocessing = 0;
		};
/* End PBXFrameworksBuildPhase section */

/* Begin PBXGroup section */
		634EF78D2170973A00150B48 = {
			isa = PBXGroup;
			children = (
				634EF7982170973A00150B48 /* BGMediaPlayer */,
				634EF7972170973A00150B48 /* Products */,
			);
			sourceTree = "<group>";
		};
		634EF7972170973A00150B48 /* Products */ = {
			isa = PBXGroup;
			children = (
				634EF7962170973A00150B48 /* BGMediaPlayer.app */,
			);
			name = Products;
			sourceTree = "<group>";
		};
		634EF7982170973A00150B48 /* BGMediaPlayer */ = {
			isa = PBXGroup;
			children = (
				634EF7B02170A50B00150B48 /* xmj.mp3 */,
				634EF7AE2170981D00150B48 /* work5.mp3 */,
				638BF975217440D600B25C21 /* Datas.swift */,
				638BF9772174417C00B25C21 /* bgManager.swift */,
				634EF7992170973A00150B48 /* AppDelegate.swift */,
				634EF79B2170973A00150B48 /* ViewController.swift */,
				634EF79D2170973A00150B48 /* Main.storyboard */,
				634EF7A32170973A00150B48 /* Assets.xcassets */,
				634EF7A52170973A00150B48 /* LaunchScreen.storyboard */,
				634EF7A82170973A00150B48 /* Info.plist */,
				634EF7A02170973A00150B48 /* BGMediaPlayer.xcdatamodeld */,
			);
			path = BGMediaPlayer;
			sourceTree = "<group>";
		};
/* End PBXGroup section */

/* Begin PBXNativeTarget section */
		634EF7952170973A00150B48 /* BGMediaPlayer */ = {
			isa = PBXNativeTarget;
			buildConfigurationList = 634EF7AB2170973A00150B48 /* Build configuration list for PBXNativeTarget "BGMediaPlayer" */;
			buildPhases = (
				634EF7922170973A00150B48 /* Sources */,
				634EF7932170973A00150B48 /* Frameworks */,
				634EF7942170973A00150B48 /* Resources */,
			);
			buildRules = (
			);
			dependencies = (
			);
			name = BGMediaPlayer;
			productName = BGMediaPlayer;
			productReference = 634EF7962170973A00150B48 /* BGMediaPlayer.app */;
			productType = "com.apple.product-type.application";
		};
/* End PBXNativeTarget section */

/* Begin PBXProject section */
		634EF78E2170973A00150B48 /* Project object */ = {
			isa = PBXProject;
			attributes = {
				LastSwiftUpdateCheck = 0830;
				LastUpgradeCheck = 0830;
				ORGANIZATIONNAME = FreeMud;
				TargetAttributes = {
					634EF7952170973A00150B48 = {
						CreatedOnToolsVersion = 8.3.2;
						ProvisioningStyle = Manual;
						SystemCapabilities = {
							com.apple.BackgroundModes = {
								enabled = 1;
							};
						};
					};
				};
			};
			buildConfigurationList = 634EF7912170973A00150B48 /* Build configuration list for PBXProject "BGMediaPlayer" */;
			compatibilityVersion = "Xcode 3.2";
			developmentRegion = English;
			hasScannedForEncodings = 0;
			knownRegions = (
				en,
				Base,
			);
			mainGroup = 634EF78D2170973A00150B48;
			productRefGroup = 634EF7972170973A00150B48 /* Products */;
			projectDirPath = "";
			projectRoot = "";
			targets = (
				634EF7952170973A00150B48 /* BGMediaPlayer */,
			);
		};
/* End PBXProject section */

/* Begin PBXResourcesBuildPhase section */
		634EF7942170973A00150B48 /* Resources */ = {
			isa = PBXResourcesBuildPhase;
			buildActionMask = 2147483647;
			files = (
				634EF7A72170973A00150B48 /* LaunchScreen.storyboard in Resources */,
				634EF7B12170A50B00150B48 /* xmj.mp3 in Resources */,
				634EF7A42170973A00150B48 /* Assets.xcassets in Resources */,
				634EF79F2170973A00150B48 /* Main.storyboard in Resources */,
				634EF7AF2170981D00150B48 /* work5.mp3 in Resources */,
			);
			runOnlyForDeploymentPostprocessing = 0;
		};
/* End PBXResourcesBuildPhase section */

/* Begin PBXSourcesBuildPhase section */
		634EF7922170973A00150B48 /* Sources */ = {
			isa = PBXSourcesBuildPhase;
			buildActionMask = 2147483647;
			files = (
				638BF9782174417C00B25C21 /* bgManager.swift in Sources */,
				634EF79C2170973A00150B48 /* ViewController.swift in Sources */,
				634EF7A22170973A00150B48 /* BGMediaPlayer.xcdatamodeld in Sources */,
				634EF79A2170973A00150B48 /* AppDelegate.swift in Sources */,
				638BF976217440D600B25C21 /* Datas.swift in Sources */,
			);
			runOnlyForDeploymentPostprocessing = 0;
		};
/* End PBXSourcesBuildPhase section */

/* Begin PBXVariantGroup section */
		634EF79D2170973A00150B48 /* Main.storyboard */ = {
			isa = PBXVariantGroup;
			children = (
				634EF79E2170973A00150B48 /* Base */,
			);
			name = Main.storyboard;
			sourceTree = "<group>";
		};
		634EF7A52170973A00150B48 /* LaunchScreen.storyboard */ = {
			isa = PBXVariantGroup;
			children = (
				634EF7A62170973A00150B48 /* Base */,
			);
			name = LaunchScreen.storyboard;
			sourceTree = "<group>";
		};
/* End PBXVariantGroup section */

/* Begin XCBuildConfiguration section */
		634EF7A92170973A00150B48 /* Debug */ = {
			isa = XCBuildConfiguration;
			buildSettings = {
				ALWAYS_SEARCH_USER_PATHS = NO;
				CLANG_ANALYZER_NONNULL = YES;
				CLANG_ANALYZER_NUMBER_OBJECT_CONVERSION = YES_AGGRESSIVE;
				CLANG_CXX_LANGUAGE_STANDARD = "gnu++0x";
				CLANG_CXX_LIBRARY = "libc++";
				CLANG_ENABLE_MODULES = YES;
				CLANG_ENABLE_OBJC_ARC = YES;
				CLANG_WARN_BOOL_CONVERSION = YES;
				CLANG_WARN_CONSTANT_CONVERSION = YES;
				CLANG_WARN_DIRECT_OBJC_ISA_USAGE = YES_ERROR;
				CLANG_WARN_DOCUMENTATION_COMMENTS = YES;
				CLANG_WARN_EMPTY_BODY = YES;
				CLANG_WARN_ENUM_CONVERSION = YES;
				CLANG_WARN_INFINITE_RECURSION = YES;
				CLANG_WARN_INT_CONVERSION = YES;
				CLANG_WARN_OBJC_ROOT_CLASS = YES_ERROR;
				CLANG_WARN_SUSPICIOUS_MOVE = YES;
				CLANG_WARN_UNREACHABLE_CODE = YES;
				CLANG_WARN__DUPLICATE_METHOD_MATCH = YES;
				"CODE_SIGN_IDENTITY[sdk=iphoneos*]" = "iPhone Developer";
				COPY_PHASE_STRIP = NO;
				DEBUG_INFORMATION_FORMAT = dwarf;
				ENABLE_STRICT_OBJC_MSGSEND = YES;
				ENABLE_TESTABILITY = YES;
				GCC_C_LANGUAGE_STANDARD = gnu99;
				GCC_DYNAMIC_NO_PIC = NO;
				GCC_NO_COMMON_BLOCKS = YES;
				GCC_OPTIMIZATION_LEVEL = 0;
				GCC_PREPROCESSOR_DEFINITIONS = (
					"DEBUG=1",
					"$(inherited)",
				);
				GCC_WARN_64_TO_32_BIT_CONVERSION = YES;
				GCC_WARN_ABOUT_RETURN_TYPE = YES_ERROR;
				GCC_WARN_UNDECLARED_SELECTOR = YES;
				GCC_WARN_UNINITIALIZED_AUTOS = YES_AGGRESSIVE;
				GCC_WARN_UNUSED_FUNCTION = YES;
				GCC_WARN_UNUSED_VARIABLE = YES;
				IPHONEOS_DEPLOYMENT_TARGET = 10.3;
				MTL_ENABLE_DEBUG_INFO = YES;
				ONLY_ACTIVE_ARCH = YES;
				SDKROOT = iphoneos;
				SWIFT_ACTIVE_COMPILATION_CONDITIONS = DEBUG;
				SWIFT_OPTIMIZATION_LEVEL = "-Onone";
			};
			name = Debug;
		};
		634EF7AA2170973A00150B48 /* Release */ = {
			isa = XCBuildConfiguration;
			buildSettings = {
				ALWAYS_SEARCH_USER_PATHS = NO;
				CLANG_ANALYZER_NONNULL = YES;
				CLANG_ANALYZER_NUMBER_OBJECT_CONVERSION = YES_AGGRESSIVE;
				CLANG_CXX_LANGUAGE_STANDARD = "gnu++0x";
				CLANG_CXX_LIBRARY = "libc++";
				CLANG_ENABLE_MODULES = YES;
				CLANG_ENABLE_OBJC_ARC = YES;
				CLANG_WARN_BOOL_CONVERSION = YES;
				CLANG_WARN_CONSTANT_CONVERSION = YES;
				CLANG_WARN_DIRECT_OBJC_ISA_USAGE = YES_ERROR;
				CLANG_WARN_DOCUMENTATION_COMMENTS = YES;
				CLANG_WARN_EMPTY_BODY = YES;
				CLANG_WARN_ENUM_CONVERSION = YES;
				CLANG_WARN_INFINITE_RECURSION = YES;
				CLANG_WARN_INT_CONVERSION = YES;
				CLANG_WARN_OBJC_ROOT_CLASS = YES_ERROR;
				CLANG_WARN_SUSPICIOUS_MOVE = YES;
				CLANG_WARN_UNREACHABLE_CODE = YES;
				CLANG_WARN__DUPLICATE_METHOD_MATCH = YES;
				"CODE_SIGN_IDENTITY[sdk=iphoneos*]" = "iPhone Developer";
				COPY_PHASE_STRIP = NO;
				DEBUG_INFORMATION_FORMAT = "dwarf-with-dsym";
				ENABLE_NS_ASSERTIONS = NO;
				ENABLE_STRICT_OBJC_MSGSEND = YES;
				GCC_C_LANGUAGE_STANDARD = gnu99;
				GCC_NO_COMMON_BLOCKS = YES;
				GCC_WARN_64_TO_32_BIT_CONVERSION = YES;
				GCC_WARN_ABOUT_RETURN_TYPE = YES_ERROR;
				GCC_WARN_UNDECLARED_SELECTOR = YES;
				GCC_WARN_UNINITIALIZED_AUTOS = YES_AGGRESSIVE;
				GCC_WARN_UNUSED_FUNCTION = YES;
				GCC_WARN_UNUSED_VARIABLE = YES;
				IPHONEOS_DEPLOYMENT_TARGET = 10.3;
				MTL_ENABLE_DEBUG_INFO = NO;
				SDKROOT = iphoneos;
				SWIFT_OPTIMIZATION_LEVEL = "-Owholemodule";
				VALIDATE_PRODUCT = YES;
			};
			name = Release;
		};
		634EF7AC2170973A00150B48 /* Debug */ = {
			isa = XCBuildConfiguration;
			buildSettings = {
				ASSETCATALOG_COMPILER_APPICON_NAME = AppIcon;
				CODE_SIGN_IDENTITY = "iPhone Developer: xiaorong ming (2738M8CJT7)";
				DEVELOPMENT_TEAM = "";
				INFOPLIST_FILE = BGMediaPlayer/Info.plist;
				LD_RUNPATH_SEARCH_PATHS = "$(inherited) @executable_path/Frameworks";
				PRODUCT_BUNDLE_IDENTIFIER = FMTestdev;
				PRODUCT_NAME = "$(TARGET_NAME)";
				PROVISIONING_PROFILE = "d05b841c-8d62-4f96-b0cf-98100c276774";
				PROVISIONING_PROFILE_SPECIFIER = FMTest;
				SWIFT_VERSION = 3.0;
			};
			name = Debug;
		};
		634EF7AD2170973A00150B48 /* Release */ = {
			isa = XCBuildConfiguration;
			buildSettings = {
				ASSETCATALOG_COMPILER_APPICON_NAME = AppIcon;
				CODE_SIGN_IDENTITY = "iPhone Developer: xiaorong ming (2738M8CJT7)";
				DEVELOPMENT_TEAM = "";
				INFOPLIST_FILE = BGMediaPlayer/Info.plist;
				LD_RUNPATH_SEARCH_PATHS = "$(inherited) @executable_path/Frameworks";
				PRODUCT_BUNDLE_IDENTIFIER = FMTestdev;
				PRODUCT_NAME = "$(TARGET_NAME)";
				PROVISIONING_PROFILE = "d05b841c-8d62-4f96-b0cf-98100c276774";
				PROVISIONING_PROFILE_SPECIFIER = FMTest;
				SWIFT_VERSION = 3.0;
			};
			name = Release;
		};
/* End XCBuildConfiguration section */

/* Begin XCConfigurationList section */
		634EF7912170973A00150B48 /* Build configuration list for PBXProject "BGMediaPlayer" */ = {
			isa = XCConfigurationList;
			buildConfigurations = (
				634EF7A92170973A00150B48 /* Debug */,
				634EF7AA2170973A00150B48 /* Release */,
			);
			defaultConfigurationIsVisible = 0;
			defaultConfigurationName = Release;
		};
		634EF7AB2170973A00150B48 /* Build configuration list for PBXNativeTarget "BGMediaPlayer" */ = {
			isa = XCConfigurationList;
			buildConfigurations = (
				634EF7AC2170973A00150B48 /* Debug */,
				634EF7AD2170973A00150B48 /* Release */,
			);
			defaultConfigurationIsVisible = 0;
			defaultConfigurationName = Release;
		};
/* End XCConfigurationList section */

/* Begin XCVersionGroup section */
		634EF7A02170973A00150B48 /* BGMediaPlayer.xcdatamodeld */ = {
			isa = XCVersionGroup;
			children = (
				634EF7A12170973A00150B48 /* BGMediaPlayer.xcdatamodel */,
			);
			currentVersion = 634EF7A12170973A00150B48 /* BGMediaPlayer.xcdatamodel */;
			path = BGMediaPlayer.xcdatamodeld;
			sourceTree = "<group>";
			versionGroupType = wrapper.xcdatamodel;
		};
/* End XCVersionGroup section */
	};
	rootObject = 634EF78E2170973A00150B48 /* Project object */;
}
